// !$*UTF8*$!
{
	archiveVersion = 1;
	classes = {
	};
	objectVersion = 56;
	objects = {

/* Begin PBXBuildFile section */
		7AC8266F2B7580C20035528F /* AppDelegate.swift in Sources */ = {isa = PBXBuildFile; fileRef = 7AC8266E2B7580C20035528F /* AppDelegate.swift */; };
		7AC826712B7580C20035528F /* SceneDelegate.swift in Sources */ = {isa = PBXBuildFile; fileRef = 7AC826702B7580C20035528F /* SceneDelegate.swift */; };
		7AC826732B7580C20035528F /* ViewController.swift in Sources */ = {isa = PBXBuildFile; fileRef = 7AC826722B7580C20035528F /* ViewController.swift */; };
		7AC826762B7580C20035528F /* Main.storyboard in Resources */ = {isa = PBXBuildFile; fileRef = 7AC826742B7580C20035528F /* Main.storyboard */; };
		7AC826792B7580C20035528F /* CoreData1.xcdatamodeld in Sources */ = {isa = PBXBuildFile; fileRef = 7AC826772B7580C20035528F /* CoreData1.xcdatamodeld */; };
		7AC8267B2B7580C20035528F /* Assets.xcassets in Resources */ = {isa = PBXBuildFile; fileRef = 7AC8267A2B7580C20035528F /* Assets.xcassets */; };
		7AC8267E2B7580C20035528F /* LaunchScreen.storyboard in Resources */ = {isa = PBXBuildFile; fileRef = 7AC8267C2B7580C20035528F /* LaunchScreen.storyboard */; };
		7AC8268A2B7580C30035528F /* CoreData1Tests.swift in Sources */ = {isa = PBXBuildFile; fileRef = 7AC826892B7580C30035528F /* CoreData1Tests.swift */; };
		7AC826942B7580C30035528F /* CoreData1UITests.swift in Sources */ = {isa = PBXBuildFile; fileRef = 7AC826932B7580C30035528F /* CoreData1UITests.swift */; };
		7AC826962B7580C30035528F /* CoreData1UITestsLaunchTests.swift in Sources */ = {isa = PBXBuildFile; fileRef = 7AC826952B7580C30035528F /* CoreData1UITestsLaunchTests.swift */; };
		7AC826A22B7583670035528F /* ViewController.swift in Sources */ = {isa = PBXBuildFile; fileRef = 7AC826722B7580C20035528F /* ViewController.swift */; };
		7AC826A32B7583680035528F /* ViewController.swift in Sources */ = {isa = PBXBuildFile; fileRef = 7AC826722B7580C20035528F /* ViewController.swift */; };
/* End PBXBuildFile section */

/* Begin PBXContainerItemProxy section */
		7AC826862B7580C30035528F /* PBXContainerItemProxy */ = {
			isa = PBXContainerItemProxy;
			containerPortal = 7AC826632B7580C20035528F /* Project object */;
			proxyType = 1;
			remoteGlobalIDString = 7AC8266A2B7580C20035528F;
			remoteInfo = CoreData1;
		};
		7AC826902B7580C30035528F /* PBXContainerItemProxy */ = {
			isa = PBXContainerItemProxy;
			containerPortal = 7AC826632B7580C20035528F /* Project object */;
			proxyType = 1;
			remoteGlobalIDString = 7AC8266A2B7580C20035528F;
			remoteInfo = CoreData1;
		};
/* End PBXContainerItemProxy section */

/* Begin PBXFileReference section */
		7AC8266B2B7580C20035528F /* CoreData1.app */ = {isa = PBXFileReference; explicitFileType = wrapper.application; includeInIndex = 0; path = CoreData1.app; sourceTree = BUILT_PRODUCTS_DIR; };
		7AC8266E2B7580C20035528F /* AppDelegate.swift */ = {isa = PBXFileReference; lastKnownFileType = sourcecode.swift; path = AppDelegate.swift; sourceTree = "<group>"; };
		7AC826702B7580C20035528F /* SceneDelegate.swift */ = {isa = PBXFileReference; lastKnownFileType = sourcecode.swift; path = SceneDelegate.swift; sourceTree = "<group>"; };
		7AC826722B7580C20035528F /* ViewController.swift */ = {isa = PBXFileReference; lastKnownFileType = sourcecode.swift; path = ViewController.swift; sourceTree = "<group>"; };
		7AC826752B7580C20035528F /* Base */ = {isa = PBXFileReference; lastKnownFileType = file.storyboard; name = Base; path = Base.lproj/Main.storyboard; sourceTree = "<group>"; };
		7AC826782B7580C20035528F /* CoreData1.xcdatamodel */ = {isa = PBXFileReference; lastKnownFileType = wrapper.xcdatamodel; path = CoreData1.xcdatamodel; sourceTree = "<group>"; };
		7AC8267A2B7580C20035528F /* Assets.xcassets */ = {isa = PBXFileReference; lastKnownFileType = folder.assetcatalog; path = Assets.xcassets; sourceTree = "<group>"; };
		7AC8267D2B7580C20035528F /* Base */ = {isa = PBXFileReference; lastKnownFileType = file.storyboard; name = Base; path = Base.lproj/LaunchScreen.storyboard; sourceTree = "<group>"; };
		7AC8267F2B7580C20035528F /* CoreData1.entitlements */ = {isa = PBXFileReference; lastKnownFileType = text.plist.entitlements; path = CoreData1.entitlements; sourceTree = "<group>"; };
		7AC826802B7580C20035528F /* Info.plist */ = {isa = PBXFileReference; lastKnownFileType = text.plist.xml; path = Info.plist; sourceTree = "<group>"; };
		7AC826852B7580C30035528F /* CoreData1Tests.xctest */ = {isa = PBXFileReference; explicitFileType = wrapper.cfbundle; includeInIndex = 0; path = CoreData1Tests.xctest; sourceTree = BUILT_PRODUCTS_DIR; };
		7AC826892B7580C30035528F /* CoreData1Tests.swift */ = {isa = PBXFileReference; lastKnownFileType = sourcecode.swift; path = CoreData1Tests.swift; sourceTree = "<group>"; };
		7AC8268F2B7580C30035528F /* CoreData1UITests.xctest */ = {isa = PBXFileReference; explicitFileType = wrapper.cfbundle; includeInIndex = 0; path = CoreData1UITests.xctest; sourceTree = BUILT_PRODUCTS_DIR; };
		7AC826932B7580C30035528F /* CoreData1UITests.swift */ = {isa = PBXFileReference; lastKnownFileType = sourcecode.swift; path = CoreData1UITests.swift; sourceTree = "<group>"; };
		7AC826952B7580C30035528F /* CoreData1UITestsLaunchTests.swift */ = {isa = PBXFileReference; lastKnownFileType = sourcecode.swift; path = CoreData1UITestsLaunchTests.swift; sourceTree = "<group>"; };
/* End PBXFileReference section */

/* Begin PBXFrameworksBuildPhase section */
		7AC826682B7580C20035528F /* Frameworks */ = {
			isa = PBXFrameworksBuildPhase;
			buildActionMask = 2147483647;
			files = (
			);
			runOnlyForDeploymentPostprocessing = 0;
		};
		7AC826822B7580C30035528F /* Frameworks */ = {
			isa = PBXFrameworksBuildPhase;
			buildActionMask = 2147483647;
			files = (
			);
			runOnlyForDeploymentPostprocessing = 0;
		};
		7AC8268C2B7580C30035528F /* Frameworks */ = {
			isa = PBXFrameworksBuildPhase;
			buildActionMask = 2147483647;
			files = (
			);
			runOnlyForDeploymentPostprocessing = 0;
		};
/* End PBXFrameworksBuildPhase section */

/* Begin PBXGroup section */
		7AC826622B7580C20035528F = {
			isa = PBXGroup;
			children = (
				7AC8266D2B7580C20035528F /* CoreData1 */,
				7AC826882B7580C30035528F /* CoreData1Tests */,
				7AC826922B7580C30035528F /* CoreData1UITests */,
				7AC8266C2B7580C20035528F /* Products */,
			);
			sourceTree = "<group>";
		};
		7AC8266C2B7580C20035528F /* Products */ = {
			isa = PBXGroup;
			children = (
				7AC8266B2B7580C20035528F /* CoreData1.app */,
				7AC826852B7580C30035528F /* CoreData1Tests.xctest */,
				7AC8268F2B7580C30035528F /* CoreData1UITests.xctest */,
			);
			name = Products;
			sourceTree = "<group>";
		};
		7AC8266D2B7580C20035528F /* CoreData1 */ = {
			isa = PBXGroup;
			children = (
				7AC8266E2B7580C20035528F /* AppDelegate.swift */,
				7AC826702B7580C20035528F /* SceneDelegate.swift */,
				7AC826722B7580C20035528F /* ViewController.swift */,
				7AC826742B7580C20035528F /* Main.storyboard */,
				7AC8267A2B7580C20035528F /* Assets.xcassets */,
				7AC8267C2B7580C20035528F /* LaunchScreen.storyboard */,
				7AC8267F2B7580C20035528F /* CoreData1.entitlements */,
				7AC826802B7580C20035528F /* Info.plist */,
				7AC826772B7580C20035528F /* CoreData1.xcdatamodeld */,
			);
			path = CoreData1;
			sourceTree = "<group>";
		};
		7AC826882B7580C30035528F /* CoreData1Tests */ = {
			isa = PBXGroup;
			children = (
				7AC826892B7580C30035528F /* CoreData1Tests.swift */,
			);
			path = CoreData1Tests;
			sourceTree = "<group>";
		};
		7AC826922B7580C30035528F /* CoreData1UITests */ = {
			isa = PBXGroup;
			children = (
				7AC826932B7580C30035528F /* CoreData1UITests.swift */,
				7AC826952B7580C30035528F /* CoreData1UITestsLaunchTests.swift */,
			);
			path = CoreData1UITests;
			sourceTree = "<group>";
		};
/* End PBXGroup section */

/* Begin PBXNativeTarget section */
		7AC8266A2B7580C20035528F /* CoreData1 */ = {
			isa = PBXNativeTarget;
			buildConfigurationList = 7AC826992B7580C30035528F /* Build configuration list for PBXNativeTarget "CoreData1" */;
			buildPhases = (
				7AC826672B7580C20035528F /* Sources */,
				7AC826682B7580C20035528F /* Frameworks */,
				7AC826692B7580C20035528F /* Resources */,
			);
			buildRules = (
			);
			dependencies = (
			);
			name = CoreData1;
			productName = CoreData1;
			productReference = 7AC8266B2B7580C20035528F /* CoreData1.app */;
			productType = "com.apple.product-type.application";
		};
		7AC826842B7580C30035528F /* CoreData1Tests */ = {
			isa = PBXNativeTarget;
			buildConfigurationList = 7AC8269C2B7580C30035528F /* Build configuration list for PBXNativeTarget "CoreData1Tests" */;
			buildPhases = (
				7AC826812B7580C30035528F /* Sources */,
				7AC826822B7580C30035528F /* Frameworks */,
				7AC826832B7580C30035528F /* Resources */,
			);
			buildRules = (
			);
			dependencies = (
				7AC826872B7580C30035528F /* PBXTargetDependency */,
			);
			name = CoreData1Tests;
			productName = CoreData1Tests;
			productReference = 7AC826852B7580C30035528F /* CoreData1Tests.xctest */;
			productType = "com.apple.product-type.bundle.unit-test";
		};
		7AC8268E2B7580C30035528F /* CoreData1UITests */ = {
			isa = PBXNativeTarget;
			buildConfigurationList = 7AC8269F2B7580C30035528F /* Build configuration list for PBXNativeTarget "CoreData1UITests" */;
			buildPhases = (
				7AC8268B2B7580C30035528F /* Sources */,
				7AC8268C2B7580C30035528F /* Frameworks */,
				7AC8268D2B7580C30035528F /* Resources */,
			);
			buildRules = (
			);
			dependencies = (
				7AC826912B7580C30035528F /* PBXTargetDependency */,
			);
			name = CoreData1UITests;
			productName = CoreData1UITests;
			productReference = 7AC8268F2B7580C30035528F /* CoreData1UITests.xctest */;
			productType = "com.apple.product-type.bundle.ui-testing";
		};
/* End PBXNativeTarget section */

/* Begin PBXProject section */
		7AC826632B7580C20035528F /* Project object */ = {
			isa = PBXProject;
			attributes = {
				BuildIndependentTargetsInParallel = 1;
				LastSwiftUpdateCheck = 1500;
				LastUpgradeCheck = 1500;
				TargetAttributes = {
					7AC8266A2B7580C20035528F = {
						CreatedOnToolsVersion = 15.0;
					};
					7AC826842B7580C30035528F = {
						CreatedOnToolsVersion = 15.0;
						TestTargetID = 7AC8266A2B7580C20035528F;
					};
					7AC8268E2B7580C30035528F = {
						CreatedOnToolsVersion = 15.0;
						TestTargetID = 7AC8266A2B7580C20035528F;
					};
				};
			};
			buildConfigurationList = 7AC826662B7580C20035528F /* Build configuration list for PBXProject "CoreData1" */;
			compatibilityVersion = "Xcode 14.0";
			developmentRegion = en;
			hasScannedForEncodings = 0;
			knownRegions = (
				en,
				Base,
			);
			mainGroup = 7AC826622B7580C20035528F;
			productRefGroup = 7AC8266C2B7580C20035528F /* Products */;
			projectDirPath = "";
			projectRoot = "";
			targets = (
				7AC8266A2B7580C20035528F /* CoreData1 */,
				7AC826842B7580C30035528F /* CoreData1Tests */,
				7AC8268E2B7580C30035528F /* CoreData1UITests */,
			);
		};
/* End PBXProject section */

/* Begin PBXResourcesBuildPhase section */
		7AC826692B7580C20035528F /* Resources */ = {
			isa = PBXResourcesBuildPhase;
			buildActionMask = 2147483647;
			files = (
				7AC8267E2B7580C20035528F /* LaunchScreen.storyboard in Resources */,
				7AC8267B2B7580C20035528F /* Assets.xcassets in Resources */,
				7AC826762B7580C20035528F /* Main.storyboard in Resources */,
			);
			runOnlyForDeploymentPostprocessing = 0;
		};
		7AC826832B7580C30035528F /* Resources */ = {
			isa = PBXResourcesBuildPhase;
			buildActionMask = 2147483647;
			files = (
			);
			runOnlyForDeploymentPostprocessing = 0;
		};
		7AC8268D2B7580C30035528F /* Resources */ = {
			isa = PBXResourcesBuildPhase;
			buildActionMask = 2147483647;
			files = (
			);
			runOnlyForDeploymentPostprocessing = 0;
		};
/* End PBXResourcesBuildPhase section */

/* Begin PBXSourcesBuildPhase section */
		7AC826672B7580C20035528F /* Sources */ = {
			isa = PBXSourcesBuildPhase;
			buildActionMask = 2147483647;
			files = (
				7AC826732B7580C20035528F /* ViewController.swift in Sources */,
				7AC8266F2B7580C20035528F /* AppDelegate.swift in Sources */,
				7AC826792B7580C20035528F /* CoreData1.xcdatamodeld in Sources */,
				7AC826712B7580C20035528F /* SceneDelegate.swift in Sources */,
			);
			runOnlyForDeploymentPostprocessing = 0;
		};
		7AC826812B7580C30035528F /* Sources */ = {
			isa = PBXSourcesBuildPhase;
			buildActionMask = 2147483647;
			files = (
				7AC826A22B7583670035528F /* ViewController.swift in Sources */,
				7AC8268A2B7580C30035528F /* CoreData1Tests.swift in Sources */,
			);
			runOnlyForDeploymentPostprocessing = 0;
		};
		7AC8268B2B7580C30035528F /* Sources */ = {
			isa = PBXSourcesBuildPhase;
			buildActionMask = 2147483647;
			files = (
				7AC826A32B7583680035528F /* ViewController.swift in Sources */,
				7AC826942B7580C30035528F /* CoreData1UITests.swift in Sources */,
				7AC826962B7580C30035528F /* CoreData1UITestsLaunchTests.swift in Sources */,
			);
			runOnlyForDeploymentPostprocessing = 0;
		};
/* End PBXSourcesBuildPhase section */

/* Begin PBXTargetDependency section */
		7AC826872B7580C30035528F /* PBXTargetDependency */ = {
			isa = PBXTargetDependency;
			target = 7AC8266A2B7580C20035528F /* CoreData1 */;
			targetProxy = 7AC826862B7580C30035528F /* PBXContainerItemProxy */;
		};
		7AC826912B7580C30035528F /* PBXTargetDependency */ = {
			isa = PBXTargetDependency;
			target = 7AC8266A2B7580C20035528F /* CoreData1 */;
			targetProxy = 7AC826902B7580C30035528F /* PBXContainerItemProxy */;
		};
/* End PBXTargetDependency section */

/* Begin PBXVariantGroup section */
		7AC826742B7580C20035528F /* Main.storyboard */ = {
			isa = PBXVariantGroup;
			children = (
				7AC826752B7580C20035528F /* Base */,
			);
			name = Main.storyboard;
			sourceTree = "<group>";
		};
		7AC8267C2B7580C20035528F /* LaunchScreen.storyboard */ = {
			isa = PBXVariantGroup;
			children = (
				7AC8267D2B7580C20035528F /* Base */,
			);
			name = LaunchScreen.storyboard;
			sourceTree = "<group>";
		};
/* End PBXVariantGroup section */

/* Begin XCBuildConfiguration section */
		7AC826972B7580C30035528F /* Debug */ = {
			isa = XCBuildConfiguration;
			buildSettings = {
				ALWAYS_SEARCH_USER_PATHS = NO;
				ASSETCATALOG_COMPILER_GENERATE_SWIFT_ASSET_SYMBOL_EXTENSIONS = YES;
				CLANG_ANALYZER_NONNULL = YES;
				CLANG_ANALYZER_NUMBER_OBJECT_CONVERSION = YES_AGGRESSIVE;
				CLANG_CXX_LANGUAGE_STANDARD = "gnu++20";
				CLANG_ENABLE_MODULES = YES;
				CLANG_ENABLE_OBJC_ARC = YES;
				CLANG_ENABLE_OBJC_WEAK = YES;
				CLANG_WARN_BLOCK_CAPTURE_AUTORELEASING = YES;
				CLANG_WARN_BOOL_CONVERSION = YES;
				CLANG_WARN_COMMA = YES;
				CLANG_WARN_CONSTANT_CONVERSION = YES;
				CLANG_WARN_DEPRECATED_OBJC_IMPLEMENTATIONS = YES;
				CLANG_WARN_DIRECT_OBJC_ISA_USAGE = YES_ERROR;
				CLANG_WARN_DOCUMENTATION_COMMENTS = YES;
				CLANG_WARN_EMPTY_BODY = YES;
				CLANG_WARN_ENUM_CONVERSION = YES;
				CLANG_WARN_INFINITE_RECURSION = YES;
				CLANG_WARN_INT_CONVERSION = YES;
				CLANG_WARN_NON_LITERAL_NULL_CONVERSION = YES;
				CLANG_WARN_OBJC_IMPLICIT_RETAIN_SELF = YES;
				CLANG_WARN_OBJC_LITERAL_CONVERSION = YES;
				CLANG_WARN_OBJC_ROOT_CLASS = YES_ERROR;
				CLANG_WARN_QUOTED_INCLUDE_IN_FRAMEWORK_HEADER = YES;
				CLANG_WARN_RANGE_LOOP_ANALYSIS = YES;
				CLANG_WARN_STRICT_PROTOTYPES = YES;
				CLANG_WARN_SUSPICIOUS_MOVE = YES;
				CLANG_WARN_UNGUARDED_AVAILABILITY = YES_AGGRESSIVE;
				CLANG_WARN_UNREACHABLE_CODE = YES;
				CLANG_WARN__DUPLICATE_METHOD_MATCH = YES;
				COPY_PHASE_STRIP = NO;
				DEBUG_INFORMATION_FORMAT = dwarf;
				ENABLE_STRICT_OBJC_MSGSEND = YES;
				ENABLE_TESTABILITY = YES;
				ENABLE_USER_SCRIPT_SANDBOXING = YES;
				GCC_C_LANGUAGE_STANDARD = gnu17;
				GCC_DYNAMIC_NO_PIC = NO;
				GCC_NO_COMMON_BLOCKS = YES;
				GCC_OPTIMIZATION_LEVEL = 0;
				GCC_PREPROCESSOR_DEFINITIONS = (
					"DEBUG=1",
					"$(inherited)",
				);
				GCC_WARN_64_TO_32_BIT_CONVERSION = YES;
				GCC_WARN_ABOUT_RETURN_TYPE = YES_ERROR;
				GCC_WARN_UNDECLARED_SELECTOR = YES;
				GCC_WARN_UNINITIALIZED_AUTOS = YES_AGGRESSIVE;
				GCC_WARN_UNUSED_FUNCTION = YES;
				GCC_WARN_UNUSED_VARIABLE = YES;
				IPHONEOS_DEPLOYMENT_TARGET = 17.0;
				LOCALIZATION_PREFERS_STRING_CATALOGS = YES;
				MTL_ENABLE_DEBUG_INFO = INCLUDE_SOURCE;
				MTL_FAST_MATH = YES;
				ONLY_ACTIVE_ARCH = YES;
				SDKROOT = iphoneos;
				SWIFT_ACTIVE_COMPILATION_CONDITIONS = "DEBUG $(inherited)";
				SWIFT_OPTIMIZATION_LEVEL = "-Onone";
			};
			name = Debug;
		};
		7AC826982B7580C30035528F /* Release */ = {
			isa = XCBuildConfiguration;
			buildSettings = {
				ALWAYS_SEARCH_USER_PATHS = NO;
				ASSETCATALOG_COMPILER_GENERATE_SWIFT_ASSET_SYMBOL_EXTENSIONS = YES;
				CLANG_ANALYZER_NONNULL = YES;
				CLANG_ANALYZER_NUMBER_OBJECT_CONVERSION = YES_AGGRESSIVE;
				CLANG_CXX_LANGUAGE_STANDARD = "gnu++20";
				CLANG_ENABLE_MODULES = YES;
				CLANG_ENABLE_OBJC_ARC = YES;
				CLANG_ENABLE_OBJC_WEAK = YES;
				CLANG_WARN_BLOCK_CAPTURE_AUTORELEASING = YES;
				CLANG_WARN_BOOL_CONVERSION = YES;
				CLANG_WARN_COMMA = YES;
				CLANG_WARN_CONSTANT_CONVERSION = YES;
				CLANG_WARN_DEPRECATED_OBJC_IMPLEMENTATIONS = YES;
				CLANG_WARN_DIRECT_OBJC_ISA_USAGE = YES_ERROR;
				CLANG_WARN_DOCUMENTATION_COMMENTS = YES;
				CLANG_WARN_EMPTY_BODY = YES;
				CLANG_WARN_ENUM_CONVERSION = YES;
				CLANG_WARN_INFINITE_RECURSION = YES;
				CLANG_WARN_INT_CONVERSION = YES;
				CLANG_WARN_NON_LITERAL_NULL_CONVERSION = YES;
				CLANG_WARN_OBJC_IMPLICIT_RETAIN_SELF = YES;
				CLANG_WARN_OBJC_LITERAL_CONVERSION = YES;
				CLANG_WARN_OBJC_ROOT_CLASS = YES_ERROR;
				CLANG_WARN_QUOTED_INCLUDE_IN_FRAMEWORK_HEADER = YES;
				CLANG_WARN_RANGE_LOOP_ANALYSIS = YES;
				CLANG_WARN_STRICT_PROTOTYPES = YES;
				CLANG_WARN_SUSPICIOUS_MOVE = YES;
				CLANG_WARN_UNGUARDED_AVAILABILITY = YES_AGGRESSIVE;
				CLANG_WARN_UNREACHABLE_CODE = YES;
				CLANG_WARN__DUPLICATE_METHOD_MATCH = YES;
				COPY_PHASE_STRIP = NO;
				DEBUG_INFORMATION_FORMAT = "dwarf-with-dsym";
				ENABLE_NS_ASSERTIONS = NO;
				ENABLE_STRICT_OBJC_MSGSEND = YES;
				ENABLE_USER_SCRIPT_SANDBOXING = YES;
				GCC_C_LANGUAGE_STANDARD = gnu17;
				GCC_NO_COMMON_BLOCKS = YES;
				GCC_WARN_64_TO_32_BIT_CONVERSION = YES;
				GCC_WARN_ABOUT_RETURN_TYPE = YES_ERROR;
				GCC_WARN_UNDECLARED_SELECTOR = YES;
				GCC_WARN_UNINITIALIZED_AUTOS = YES_AGGRESSIVE;
				GCC_WARN_UNUSED_FUNCTION = YES;
				GCC_WARN_UNUSED_VARIABLE = YES;
				IPHONEOS_DEPLOYMENT_TARGET = 17.0;
				LOCALIZATION_PREFERS_STRING_CATALOGS = YES;
				MTL_ENABLE_DEBUG_INFO = NO;
				MTL_FAST_MATH = YES;
				SDKROOT = iphoneos;
				SWIFT_COMPILATION_MODE = wholemodule;
				VALIDATE_PRODUCT = YES;
			};
			name = Release;
		};
		7AC8269A2B7580C30035528F /* Debug */ = {
			isa = XCBuildConfiguration;
			buildSettings = {
				ASSETCATALOG_COMPILER_APPICON_NAME = AppIcon;
				ASSETCATALOG_COMPILER_GLOBAL_ACCENT_COLOR_NAME = AccentColor;
				CODE_SIGN_ENTITLEMENTS = CoreData1/CoreData1.entitlements;
				CODE_SIGN_STYLE = Automatic;
				CURRENT_PROJECT_VERSION = 1;
				DEVELOPMENT_TEAM = WKASSZ9CY5;
				GENERATE_INFOPLIST_FILE = YES;
				INFOPLIST_FILE = CoreData1/Info.plist;
				INFOPLIST_KEY_UIApplicationSupportsIndirectInputEvents = YES;
				INFOPLIST_KEY_UILaunchStoryboardName = LaunchScreen;
				INFOPLIST_KEY_UIMainStoryboardFile = Main;
				INFOPLIST_KEY_UISupportedInterfaceOrientations_iPad = "UIInterfaceOrientationPortrait UIInterfaceOrientationPortraitUpsideDown UIInterfaceOrientationLandscapeLeft UIInterfaceOrientationLandscapeRight";
				INFOPLIST_KEY_UISupportedInterfaceOrientations_iPhone = "UIInterfaceOrientationPortrait UIInterfaceOrientationLandscapeLeft UIInterfaceOrientationLandscapeRight";
				LD_RUNPATH_SEARCH_PATHS = (
					"$(inherited)",
					"@executable_path/Frameworks",
				);
				MARKETING_VERSION = 1.0;
				PRODUCT_BUNDLE_IDENTIFIER = com.erencetintas.CoreData1;
				PRODUCT_NAME = "$(TARGET_NAME)";
				SWIFT_EMIT_LOC_STRINGS = YES;
				SWIFT_VERSION = 5.0;
				TARGETED_DEVICE_FAMILY = "1,2";
			};
			name = Debug;
		};
		7AC8269B2B7580C30035528F /* Release */ = {
			isa = XCBuildConfiguration;
			buildSettings = {
				ASSETCATALOG_COMPILER_APPICON_NAME = AppIcon;
				ASSETCATALOG_COMPILER_GLOBAL_ACCENT_COLOR_NAME = AccentColor;
				CODE_SIGN_ENTITLEMENTS = CoreData1/CoreData1.entitlements;
				CODE_SIGN_STYLE = Automatic;
				CURRENT_PROJECT_VERSION = 1;
				DEVELOPMENT_TEAM = WKASSZ9CY5;
				GENERATE_INFOPLIST_FILE = YES;
				INFOPLIST_FILE = CoreData1/Info.plist;
				INFOPLIST_KEY_UIApplicationSupportsIndirectInputEvents = YES;
				INFOPLIST_KEY_UILaunchStoryboardName = LaunchScreen;
				INFOPLIST_KEY_UIMainStoryboardFile = Main;
				INFOPLIST_KEY_UISupportedInterfaceOrientations_iPad = "UIInterfaceOrientationPortrait UIInterfaceOrientationPortraitUpsideDown UIInterfaceOrientationLandscapeLeft UIInterfaceOrientationLandscapeRight";
				INFOPLIST_KEY_UISupportedInterfaceOrientations_iPhone = "UIInterfaceOrientationPortrait UIInterfaceOrientationLandscapeLeft UIInterfaceOrientationLandscapeRight";
				LD_RUNPATH_SEARCH_PATHS = (
					"$(inherited)",
					"@executable_path/Frameworks",
				);
				MARKETING_VERSION = 1.0;
				PRODUCT_BUNDLE_IDENTIFIER = com.erencetintas.CoreData1;
				PRODUCT_NAME = "$(TARGET_NAME)";
				SWIFT_EMIT_LOC_STRINGS = YES;
				SWIFT_VERSION = 5.0;
				TARGETED_DEVICE_FAMILY = "1,2";
			};
			name = Release;
		};
		7AC8269D2B7580C30035528F /* Debug */ = {
			isa = XCBuildConfiguration;
			buildSettings = {
				ALWAYS_EMBED_SWIFT_STANDARD_LIBRARIES = YES;
				BUNDLE_LOADER = "$(TEST_HOST)";
				CODE_SIGN_STYLE = Automatic;
				CURRENT_PROJECT_VERSION = 1;
				DEVELOPMENT_TEAM = WKASSZ9CY5;
				GENERATE_INFOPLIST_FILE = YES;
				IPHONEOS_DEPLOYMENT_TARGET = 17.0;
				MARKETING_VERSION = 1.0;
				PRODUCT_BUNDLE_IDENTIFIER = com.erencetintas.CoreData1Tests;
				PRODUCT_NAME = "$(TARGET_NAME)";
				SWIFT_EMIT_LOC_STRINGS = NO;
				SWIFT_VERSION = 5.0;
				TARGETED_DEVICE_FAMILY = "1,2";
				TEST_HOST = "$(BUILT_PRODUCTS_DIR)/CoreData1.app/$(BUNDLE_EXECUTABLE_FOLDER_PATH)/CoreData1";
			};
			name = Debug;
		};
		7AC8269E2B7580C30035528F /* Release */ = {
			isa = XCBuildConfiguration;
			buildSettings = {
				ALWAYS_EMBED_SWIFT_STANDARD_LIBRARIES = YES;
				BUNDLE_LOADER = "$(TEST_HOST)";
				CODE_SIGN_STYLE = Automatic;
				CURRENT_PROJECT_VERSION = 1;
				DEVELOPMENT_TEAM = WKASSZ9CY5;
				GENERATE_INFOPLIST_FILE = YES;
				IPHONEOS_DEPLOYMENT_TARGET = 17.0;
				MARKETING_VERSION = 1.0;
				PRODUCT_BUNDLE_IDENTIFIER = com.erencetintas.CoreData1Tests;
				PRODUCT_NAME = "$(TARGET_NAME)";
				SWIFT_EMIT_LOC_STRINGS = NO;
				SWIFT_VERSION = 5.0;
				TARGETED_DEVICE_FAMILY = "1,2";
				TEST_HOST = "$(BUILT_PRODUCTS_DIR)/CoreData1.app/$(BUNDLE_EXECUTABLE_FOLDER_PATH)/CoreData1";
			};
			name = Release;
		};
		7AC826A02B7580C30035528F /* Debug */ = {
			isa = XCBuildConfiguration;
			buildSettings = {
				ALWAYS_EMBED_SWIFT_STANDARD_LIBRARIES = YES;
				CODE_SIGN_STYLE = Automatic;
				CURRENT_PROJECT_VERSION = 1;
				DEVELOPMENT_TEAM = WKASSZ9CY5;
				GENERATE_INFOPLIST_FILE = YES;
				MARKETING_VERSION = 1.0;
				PRODUCT_BUNDLE_IDENTIFIER = com.erencetintas.CoreData1UITests;
				PRODUCT_NAME = "$(TARGET_NAME)";
				SWIFT_EMIT_LOC_STRINGS = NO;
				SWIFT_VERSION = 5.0;
				TARGETED_DEVICE_FAMILY = "1,2";
				TEST_TARGET_NAME = CoreData1;
			};
			name = Debug;
		};
		7AC826A12B7580C30035528F /* Release */ = {
			isa = XCBuildConfiguration;
			buildSettings = {
				ALWAYS_EMBED_SWIFT_STANDARD_LIBRARIES = YES;
				CODE_SIGN_STYLE = Automatic;
				CURRENT_PROJECT_VERSION = 1;
				DEVELOPMENT_TEAM = WKASSZ9CY5;
				GENERATE_INFOPLIST_FILE = YES;
				MARKETING_VERSION = 1.0;
				PRODUCT_BUNDLE_IDENTIFIER = com.erencetintas.CoreData1UITests;
				PRODUCT_NAME = "$(TARGET_NAME)";
				SWIFT_EMIT_LOC_STRINGS = NO;
				SWIFT_VERSION = 5.0;
				TARGETED_DEVICE_FAMILY = "1,2";
				TEST_TARGET_NAME = CoreData1;
			};
			name = Release;
		};
/* End XCBuildConfiguration section */

/* Begin XCConfigurationList section */
		7AC826662B7580C20035528F /* Build configuration list for PBXProject "CoreData1" */ = {
			isa = XCConfigurationList;
			buildConfigurations = (
				7AC826972B7580C30035528F /* Debug */,
				7AC826982B7580C30035528F /* Release */,
			);
			defaultConfigurationIsVisible = 0;
			defaultConfigurationName = Release;
		};
		7AC826992B7580C30035528F /* Build configuration list for PBXNativeTarget "CoreData1" */ = {
			isa = XCConfigurationList;
			buildConfigurations = (
				7AC8269A2B7580C30035528F /* Debug */,
				7AC8269B2B7580C30035528F /* Release */,
			);
			defaultConfigurationIsVisible = 0;
			defaultConfigurationName = Release;
		};
		7AC8269C2B7580C30035528F /* Build configuration list for PBXNativeTarget "CoreData1Tests" */ = {
			isa = XCConfigurationList;
			buildConfigurations = (
				7AC8269D2B7580C30035528F /* Debug */,
				7AC8269E2B7580C30035528F /* Release */,
			);
			defaultConfigurationIsVisible = 0;
			defaultConfigurationName = Release;
		};
		7AC8269F2B7580C30035528F /* Build configuration list for PBXNativeTarget "CoreData1UITests" */ = {
			isa = XCConfigurationList;
			buildConfigurations = (
				7AC826A02B7580C30035528F /* Debug */,
				7AC826A12B7580C30035528F /* Release */,
			);
			defaultConfigurationIsVisible = 0;
			defaultConfigurationName = Release;
		};
/* End XCConfigurationList section */

/* Begin XCVersionGroup section */
		7AC826772B7580C20035528F /* CoreData1.xcdatamodeld */ = {
			isa = XCVersionGroup;
			children = (
				7AC826782B7580C20035528F /* CoreData1.xcdatamodel */,
			);
			currentVersion = 7AC826782B7580C20035528F /* CoreData1.xcdatamodel */;
			path = CoreData1.xcdatamodeld;
			sourceTree = "<group>";
			versionGroupType = wrapper.xcdatamodel;
		};
/* End XCVersionGroup section */
	};
	rootObject = 7AC826632B7580C20035528F /* Project object */;
}
