// !$*UTF8*$!
{
	archiveVersion = 1;
	classes = {
	};
	objectVersion = 56;
	objects = {

/* Begin PBXBuildFile section */
		7AA0EF152B40AC0C009AA89D /* AppDelegate.swift in Sources */ = {isa = PBXBuildFile; fileRef = 7AA0EF142B40AC0C009AA89D /* AppDelegate.swift */; };
		7AA0EF172B40AC0C009AA89D /* SceneDelegate.swift in Sources */ = {isa = PBXBuildFile; fileRef = 7AA0EF162B40AC0C009AA89D /* SceneDelegate.swift */; };
		7AA0EF192B40AC0C009AA89D /* ViewController.swift in Sources */ = {isa = PBXBuildFile; fileRef = 7AA0EF182B40AC0C009AA89D /* ViewController.swift */; };
		7AA0EF1C2B40AC0C009AA89D /* Main.storyboard in Resources */ = {isa = PBXBuildFile; fileRef = 7AA0EF1A2B40AC0C009AA89D /* Main.storyboard */; };
		7AA0EF1E2B40AC0D009AA89D /* Assets.xcassets in Resources */ = {isa = PBXBuildFile; fileRef = 7AA0EF1D2B40AC0D009AA89D /* Assets.xcassets */; };
		7AA0EF212B40AC0D009AA89D /* LaunchScreen.storyboard in Resources */ = {isa = PBXBuildFile; fileRef = 7AA0EF1F2B40AC0D009AA89D /* LaunchScreen.storyboard */; };
		7AA0EF292B40AE23009AA89D /* GoogleService-Info.plist in Resources */ = {isa = PBXBuildFile; fileRef = 7AA0EF282B40AE23009AA89D /* GoogleService-Info.plist */; };
		7AA0EF2C2B40B5B6009AA89D /* FirebaseAnalytics in Frameworks */ = {isa = PBXBuildFile; productRef = 7AA0EF2B2B40B5B6009AA89D /* FirebaseAnalytics */; };
		7AA0EF2E2B40B5B6009AA89D /* FirebaseAnalyticsOnDeviceConversion in Frameworks */ = {isa = PBXBuildFile; productRef = 7AA0EF2D2B40B5B6009AA89D /* FirebaseAnalyticsOnDeviceConversion */; };
		7AA0EF302B40B5B6009AA89D /* FirebaseAnalyticsSwift in Frameworks */ = {isa = PBXBuildFile; productRef = 7AA0EF2F2B40B5B6009AA89D /* FirebaseAnalyticsSwift */; };
		7AA0EF322B40B5B6009AA89D /* FirebaseAnalyticsWithoutAdIdSupport in Frameworks */ = {isa = PBXBuildFile; productRef = 7AA0EF312B40B5B6009AA89D /* FirebaseAnalyticsWithoutAdIdSupport */; };
		7AA0EF342B40B5B6009AA89D /* FirebaseAppCheck in Frameworks */ = {isa = PBXBuildFile; productRef = 7AA0EF332B40B5B6009AA89D /* FirebaseAppCheck */; };
		7AA0EF362B40B5B6009AA89D /* FirebaseAppDistribution-Beta in Frameworks */ = {isa = PBXBuildFile; productRef = 7AA0EF352B40B5B6009AA89D /* FirebaseAppDistribution-Beta */; };
		7AA0EF382B40B5B6009AA89D /* FirebaseAuth in Frameworks */ = {isa = PBXBuildFile; productRef = 7AA0EF372B40B5B6009AA89D /* FirebaseAuth */; };
		7AA0EF3A2B40B5B6009AA89D /* FirebaseAuthCombine-Community in Frameworks */ = {isa = PBXBuildFile; productRef = 7AA0EF392B40B5B6009AA89D /* FirebaseAuthCombine-Community */; };
		7AA0EF3C2B40B5B6009AA89D /* FirebaseCrashlytics in Frameworks */ = {isa = PBXBuildFile; productRef = 7AA0EF3B2B40B5B6009AA89D /* FirebaseCrashlytics */; };
		7AA0EF3E2B40B5B6009AA89D /* FirebaseDatabase in Frameworks */ = {isa = PBXBuildFile; productRef = 7AA0EF3D2B40B5B6009AA89D /* FirebaseDatabase */; };
		7AA0EF402B40B5B6009AA89D /* FirebaseDatabaseSwift in Frameworks */ = {isa = PBXBuildFile; productRef = 7AA0EF3F2B40B5B6009AA89D /* FirebaseDatabaseSwift */; };
		7AA0EF422B40B5B6009AA89D /* FirebaseDynamicLinks in Frameworks */ = {isa = PBXBuildFile; productRef = 7AA0EF412B40B5B6009AA89D /* FirebaseDynamicLinks */; };
		7AA0EF442B40B5B6009AA89D /* FirebaseFirestore in Frameworks */ = {isa = PBXBuildFile; productRef = 7AA0EF432B40B5B6009AA89D /* FirebaseFirestore */; };
		7AA0EF462B40B5B6009AA89D /* FirebaseFirestoreCombine-Community in Frameworks */ = {isa = PBXBuildFile; productRef = 7AA0EF452B40B5B6009AA89D /* FirebaseFirestoreCombine-Community */; };
		7AA0EF482B40B5B6009AA89D /* FirebaseFirestoreSwift in Frameworks */ = {isa = PBXBuildFile; productRef = 7AA0EF472B40B5B6009AA89D /* FirebaseFirestoreSwift */; };
		7AA0EF4A2B40B5B6009AA89D /* FirebaseFunctions in Frameworks */ = {isa = PBXBuildFile; productRef = 7AA0EF492B40B5B6009AA89D /* FirebaseFunctions */; };
		7AA0EF4C2B40B5B6009AA89D /* FirebaseFunctionsCombine-Community in Frameworks */ = {isa = PBXBuildFile; productRef = 7AA0EF4B2B40B5B6009AA89D /* FirebaseFunctionsCombine-Community */; };
		7AA0EF4E2B40B5B6009AA89D /* FirebaseInAppMessaging-Beta in Frameworks */ = {isa = PBXBuildFile; productRef = 7AA0EF4D2B40B5B6009AA89D /* FirebaseInAppMessaging-Beta */; };
		7AA0EF502B40B5B6009AA89D /* FirebaseInAppMessagingSwift-Beta in Frameworks */ = {isa = PBXBuildFile; productRef = 7AA0EF4F2B40B5B6009AA89D /* FirebaseInAppMessagingSwift-Beta */; };
		7AA0EF522B40B5B6009AA89D /* FirebaseInstallations in Frameworks */ = {isa = PBXBuildFile; productRef = 7AA0EF512B40B5B6009AA89D /* FirebaseInstallations */; };
		7AA0EF542B40B5B6009AA89D /* FirebaseMLModelDownloader in Frameworks */ = {isa = PBXBuildFile; productRef = 7AA0EF532B40B5B6009AA89D /* FirebaseMLModelDownloader */; };
		7AA0EF562B40B5B6009AA89D /* FirebaseMessaging in Frameworks */ = {isa = PBXBuildFile; productRef = 7AA0EF552B40B5B6009AA89D /* FirebaseMessaging */; };
		7AA0EF582B40B5B6009AA89D /* FirebasePerformance in Frameworks */ = {isa = PBXBuildFile; productRef = 7AA0EF572B40B5B6009AA89D /* FirebasePerformance */; };
		7AA0EF5A2B40B5B6009AA89D /* FirebaseRemoteConfig in Frameworks */ = {isa = PBXBuildFile; productRef = 7AA0EF592B40B5B6009AA89D /* FirebaseRemoteConfig */; };
		7AA0EF5C2B40B5B6009AA89D /* FirebaseRemoteConfigSwift in Frameworks */ = {isa = PBXBuildFile; productRef = 7AA0EF5B2B40B5B6009AA89D /* FirebaseRemoteConfigSwift */; };
		7AA0EF5E2B40B5B6009AA89D /* FirebaseStorage in Frameworks */ = {isa = PBXBuildFile; productRef = 7AA0EF5D2B40B5B6009AA89D /* FirebaseStorage */; };
		7AA0EF602B40B5B6009AA89D /* FirebaseStorageCombine-Community in Frameworks */ = {isa = PBXBuildFile; productRef = 7AA0EF5F2B40B5B6009AA89D /* FirebaseStorageCombine-Community */; };
		7AA0EF622B40BD6D009AA89D /* FeedController.swift in Sources */ = {isa = PBXBuildFile; fileRef = 7AA0EF612B40BD6D009AA89D /* FeedController.swift */; };
		7AA0EF642B40BD8C009AA89D /* UploadViewController.swift in Sources */ = {isa = PBXBuildFile; fileRef = 7AA0EF632B40BD8C009AA89D /* UploadViewController.swift */; };
		7AA0EF662B40BD9B009AA89D /* SettingViewController.swift in Sources */ = {isa = PBXBuildFile; fileRef = 7AA0EF652B40BD9B009AA89D /* SettingViewController.swift */; };
		7AD7CF6A2B542D9F0084F9BF /* SDWebImage in Frameworks */ = {isa = PBXBuildFile; productRef = 7AD7CF692B542D9F0084F9BF /* SDWebImage */; };
		7AD7CF6C2B542D9F0084F9BF /* SDWebImageMapKit in Frameworks */ = {isa = PBXBuildFile; productRef = 7AD7CF6B2B542D9F0084F9BF /* SDWebImageMapKit */; };
		7AFA6C952B4337BD0052FF61 /* FeedCell.swift in Sources */ = {isa = PBXBuildFile; fileRef = 7AFA6C942B4337BD0052FF61 /* FeedCell.swift */; };
/* End PBXBuildFile section */

/* Begin PBXFileReference section */
		7AA0EF112B40AC0C009AA89D /* FirstFirebaseApplication.app */ = {isa = PBXFileReference; explicitFileType = wrapper.application; includeInIndex = 0; path = FirstFirebaseApplication.app; sourceTree = BUILT_PRODUCTS_DIR; };
		7AA0EF142B40AC0C009AA89D /* AppDelegate.swift */ = {isa = PBXFileReference; lastKnownFileType = sourcecode.swift; path = AppDelegate.swift; sourceTree = "<group>"; };
		7AA0EF162B40AC0C009AA89D /* SceneDelegate.swift */ = {isa = PBXFileReference; lastKnownFileType = sourcecode.swift; path = SceneDelegate.swift; sourceTree = "<group>"; };
		7AA0EF182B40AC0C009AA89D /* ViewController.swift */ = {isa = PBXFileReference; lastKnownFileType = sourcecode.swift; path = ViewController.swift; sourceTree = "<group>"; };
		7AA0EF1B2B40AC0C009AA89D /* Base */ = {isa = PBXFileReference; lastKnownFileType = file.storyboard; name = Base; path = Base.lproj/Main.storyboard; sourceTree = "<group>"; };
		7AA0EF1D2B40AC0D009AA89D /* Assets.xcassets */ = {isa = PBXFileReference; lastKnownFileType = folder.assetcatalog; path = Assets.xcassets; sourceTree = "<group>"; };
		7AA0EF202B40AC0D009AA89D /* Base */ = {isa = PBXFileReference; lastKnownFileType = file.storyboard; name = Base; path = Base.lproj/LaunchScreen.storyboard; sourceTree = "<group>"; };
		7AA0EF222B40AC0D009AA89D /* Info.plist */ = {isa = PBXFileReference; lastKnownFileType = text.plist.xml; path = Info.plist; sourceTree = "<group>"; };
		7AA0EF282B40AE23009AA89D /* GoogleService-Info.plist */ = {isa = PBXFileReference; fileEncoding = 4; lastKnownFileType = text.plist.xml; path = "GoogleService-Info.plist"; sourceTree = "<group>"; };
		7AA0EF612B40BD6D009AA89D /* FeedController.swift */ = {isa = PBXFileReference; lastKnownFileType = sourcecode.swift; path = FeedController.swift; sourceTree = "<group>"; };
		7AA0EF632B40BD8C009AA89D /* UploadViewController.swift */ = {isa = PBXFileReference; lastKnownFileType = sourcecode.swift; path = UploadViewController.swift; sourceTree = "<group>"; };
		7AA0EF652B40BD9B009AA89D /* SettingViewController.swift */ = {isa = PBXFileReference; lastKnownFileType = sourcecode.swift; path = SettingViewController.swift; sourceTree = "<group>"; };
		7AFA6C942B4337BD0052FF61 /* FeedCell.swift */ = {isa = PBXFileReference; lastKnownFileType = sourcecode.swift; path = FeedCell.swift; sourceTree = "<group>"; };
/* End PBXFileReference section */

/* Begin PBXFrameworksBuildPhase section */
		7AA0EF0E2B40AC0C009AA89D /* Frameworks */ = {
			isa = PBXFrameworksBuildPhase;
			buildActionMask = 2147483647;
			files = (
				7AD7CF6C2B542D9F0084F9BF /* SDWebImageMapKit in Frameworks */,
				7AA0EF3E2B40B5B6009AA89D /* FirebaseDatabase in Frameworks */,
				7AA0EF4C2B40B5B6009AA89D /* FirebaseFunctionsCombine-Community in Frameworks */,
				7AA0EF442B40B5B6009AA89D /* FirebaseFirestore in Frameworks */,
				7AA0EF302B40B5B6009AA89D /* FirebaseAnalyticsSwift in Frameworks */,
				7AA0EF2C2B40B5B6009AA89D /* FirebaseAnalytics in Frameworks */,
				7AA0EF2E2B40B5B6009AA89D /* FirebaseAnalyticsOnDeviceConversion in Frameworks */,
				7AA0EF542B40B5B6009AA89D /* FirebaseMLModelDownloader in Frameworks */,
				7AA0EF482B40B5B6009AA89D /* FirebaseFirestoreSwift in Frameworks */,
				7AA0EF342B40B5B6009AA89D /* FirebaseAppCheck in Frameworks */,
				7AA0EF322B40B5B6009AA89D /* FirebaseAnalyticsWithoutAdIdSupport in Frameworks */,
				7AD7CF6A2B542D9F0084F9BF /* SDWebImage in Frameworks */,
				7AA0EF382B40B5B6009AA89D /* FirebaseAuth in Frameworks */,
				7AA0EF3C2B40B5B6009AA89D /* FirebaseCrashlytics in Frameworks */,
				7AA0EF5C2B40B5B6009AA89D /* FirebaseRemoteConfigSwift in Frameworks */,
				7AA0EF4E2B40B5B6009AA89D /* FirebaseInAppMessaging-Beta in Frameworks */,
				7AA0EF402B40B5B6009AA89D /* FirebaseDatabaseSwift in Frameworks */,
				7AA0EF4A2B40B5B6009AA89D /* FirebaseFunctions in Frameworks */,
				7AA0EF602B40B5B6009AA89D /* FirebaseStorageCombine-Community in Frameworks */,
				7AA0EF5A2B40B5B6009AA89D /* FirebaseRemoteConfig in Frameworks */,
				7AA0EF362B40B5B6009AA89D /* FirebaseAppDistribution-Beta in Frameworks */,
				7AA0EF3A2B40B5B6009AA89D /* FirebaseAuthCombine-Community in Frameworks */,
				7AA0EF582B40B5B6009AA89D /* FirebasePerformance in Frameworks */,
				7AA0EF502B40B5B6009AA89D /* FirebaseInAppMessagingSwift-Beta in Frameworks */,
				7AA0EF5E2B40B5B6009AA89D /* FirebaseStorage in Frameworks */,
				7AA0EF422B40B5B6009AA89D /* FirebaseDynamicLinks in Frameworks */,
				7AA0EF462B40B5B6009AA89D /* FirebaseFirestoreCombine-Community in Frameworks */,
				7AA0EF562B40B5B6009AA89D /* FirebaseMessaging in Frameworks */,
				7AA0EF522B40B5B6009AA89D /* FirebaseInstallations in Frameworks */,
			);
			runOnlyForDeploymentPostprocessing = 0;
		};
/* End PBXFrameworksBuildPhase section */

/* Begin PBXGroup section */
		7AA0EF082B40AC0C009AA89D = {
			isa = PBXGroup;
			children = (
				7AA0EF132B40AC0C009AA89D /* FirstFirebaseApplication */,
				7AA0EF122B40AC0C009AA89D /* Products */,
			);
			sourceTree = "<group>";
		};
		7AA0EF122B40AC0C009AA89D /* Products */ = {
			isa = PBXGroup;
			children = (
				7AA0EF112B40AC0C009AA89D /* FirstFirebaseApplication.app */,
			);
			name = Products;
			sourceTree = "<group>";
		};
		7AA0EF132B40AC0C009AA89D /* FirstFirebaseApplication */ = {
			isa = PBXGroup;
			children = (
				7AA0EF282B40AE23009AA89D /* GoogleService-Info.plist */,
				7AA0EF142B40AC0C009AA89D /* AppDelegate.swift */,
				7AA0EF612B40BD6D009AA89D /* FeedController.swift */,
				7AA0EF632B40BD8C009AA89D /* UploadViewController.swift */,
				7AA0EF652B40BD9B009AA89D /* SettingViewController.swift */,
				7AA0EF162B40AC0C009AA89D /* SceneDelegate.swift */,
				7AA0EF182B40AC0C009AA89D /* ViewController.swift */,
				7AFA6C942B4337BD0052FF61 /* FeedCell.swift */,
				7AA0EF1A2B40AC0C009AA89D /* Main.storyboard */,
				7AA0EF1D2B40AC0D009AA89D /* Assets.xcassets */,
				7AA0EF1F2B40AC0D009AA89D /* LaunchScreen.storyboard */,
				7AA0EF222B40AC0D009AA89D /* Info.plist */,
			);
			path = FirstFirebaseApplication;
			sourceTree = "<group>";
		};
/* End PBXGroup section */

/* Begin PBXNativeTarget section */
		7AA0EF102B40AC0C009AA89D /* FirstFirebaseApplication */ = {
			isa = PBXNativeTarget;
			buildConfigurationList = 7AA0EF252B40AC0D009AA89D /* Build configuration list for PBXNativeTarget "FirstFirebaseApplication" */;
			buildPhases = (
				7AA0EF0D2B40AC0C009AA89D /* Sources */,
				7AA0EF0E2B40AC0C009AA89D /* Frameworks */,
				7AA0EF0F2B40AC0C009AA89D /* Resources */,
			);
			buildRules = (
			);
			dependencies = (
			);
			name = FirstFirebaseApplication;
			packageProductDependencies = (
				7AA0EF2B2B40B5B6009AA89D /* FirebaseAnalytics */,
				7AA0EF2D2B40B5B6009AA89D /* FirebaseAnalyticsOnDeviceConversion */,
				7AA0EF2F2B40B5B6009AA89D /* FirebaseAnalyticsSwift */,
				7AA0EF312B40B5B6009AA89D /* FirebaseAnalyticsWithoutAdIdSupport */,
				7AA0EF332B40B5B6009AA89D /* FirebaseAppCheck */,
				7AA0EF352B40B5B6009AA89D /* FirebaseAppDistribution-Beta */,
				7AA0EF372B40B5B6009AA89D /* FirebaseAuth */,
				7AA0EF392B40B5B6009AA89D /* FirebaseAuthCombine-Community */,
				7AA0EF3B2B40B5B6009AA89D /* FirebaseCrashlytics */,
				7AA0EF3D2B40B5B6009AA89D /* FirebaseDatabase */,
				7AA0EF3F2B40B5B6009AA89D /* FirebaseDatabaseSwift */,
				7AA0EF412B40B5B6009AA89D /* FirebaseDynamicLinks */,
				7AA0EF432B40B5B6009AA89D /* FirebaseFirestore */,
				7AA0EF452B40B5B6009AA89D /* FirebaseFirestoreCombine-Community */,
				7AA0EF472B40B5B6009AA89D /* FirebaseFirestoreSwift */,
				7AA0EF492B40B5B6009AA89D /* FirebaseFunctions */,
				7AA0EF4B2B40B5B6009AA89D /* FirebaseFunctionsCombine-Community */,
				7AA0EF4D2B40B5B6009AA89D /* FirebaseInAppMessaging-Beta */,
				7AA0EF4F2B40B5B6009AA89D /* FirebaseInAppMessagingSwift-Beta */,
				7AA0EF512B40B5B6009AA89D /* FirebaseInstallations */,
				7AA0EF532B40B5B6009AA89D /* FirebaseMLModelDownloader */,
				7AA0EF552B40B5B6009AA89D /* FirebaseMessaging */,
				7AA0EF572B40B5B6009AA89D /* FirebasePerformance */,
				7AA0EF592B40B5B6009AA89D /* FirebaseRemoteConfig */,
				7AA0EF5B2B40B5B6009AA89D /* FirebaseRemoteConfigSwift */,
				7AA0EF5D2B40B5B6009AA89D /* FirebaseStorage */,
				7AA0EF5F2B40B5B6009AA89D /* FirebaseStorageCombine-Community */,
				7AD7CF692B542D9F0084F9BF /* SDWebImage */,
				7AD7CF6B2B542D9F0084F9BF /* SDWebImageMapKit */,
			);
			productName = FirstFirebaseApplication;
			productReference = 7AA0EF112B40AC0C009AA89D /* FirstFirebaseApplication.app */;
			productType = "com.apple.product-type.application";
		};
/* End PBXNativeTarget section */

/* Begin PBXProject section */
		7AA0EF092B40AC0C009AA89D /* Project object */ = {
			isa = PBXProject;
			attributes = {
				BuildIndependentTargetsInParallel = 1;
				LastSwiftUpdateCheck = 1500;
				LastUpgradeCheck = 1500;
				TargetAttributes = {
					7AA0EF102B40AC0C009AA89D = {
						CreatedOnToolsVersion = 15.0;
					};
				};
			};
			buildConfigurationList = 7AA0EF0C2B40AC0C009AA89D /* Build configuration list for PBXProject "FirstFirebaseApplication" */;
			compatibilityVersion = "Xcode 14.0";
			developmentRegion = en;
			hasScannedForEncodings = 0;
			knownRegions = (
				en,
				Base,
			);
			mainGroup = 7AA0EF082B40AC0C009AA89D;
			packageReferences = (
				7AA0EF2A2B40B5B6009AA89D /* XCRemoteSwiftPackageReference "firebase-ios-sdk" */,
				7AD7CF682B542D9F0084F9BF /* XCRemoteSwiftPackageReference "SDWebImage" */,
			);
			productRefGroup = 7AA0EF122B40AC0C009AA89D /* Products */;
			projectDirPath = "";
			projectRoot = "";
			targets = (
				7AA0EF102B40AC0C009AA89D /* FirstFirebaseApplication */,
			);
		};
/* End PBXProject section */

/* Begin PBXResourcesBuildPhase section */
		7AA0EF0F2B40AC0C009AA89D /* Resources */ = {
			isa = PBXResourcesBuildPhase;
			buildActionMask = 2147483647;
			files = (
				7AA0EF212B40AC0D009AA89D /* LaunchScreen.storyboard in Resources */,
				7AA0EF292B40AE23009AA89D /* GoogleService-Info.plist in Resources */,
				7AA0EF1E2B40AC0D009AA89D /* Assets.xcassets in Resources */,
				7AA0EF1C2B40AC0C009AA89D /* Main.storyboard in Resources */,
			);
			runOnlyForDeploymentPostprocessing = 0;
		};
/* End PBXResourcesBuildPhase section */

/* Begin PBXSourcesBuildPhase section */
		7AA0EF0D2B40AC0C009AA89D /* Sources */ = {
			isa = PBXSourcesBuildPhase;
			buildActionMask = 2147483647;
			files = (
				7AFA6C952B4337BD0052FF61 /* FeedCell.swift in Sources */,
				7AA0EF192B40AC0C009AA89D /* ViewController.swift in Sources */,
				7AA0EF642B40BD8C009AA89D /* UploadViewController.swift in Sources */,
				7AA0EF152B40AC0C009AA89D /* AppDelegate.swift in Sources */,
				7AA0EF172B40AC0C009AA89D /* SceneDelegate.swift in Sources */,
				7AA0EF622B40BD6D009AA89D /* FeedController.swift in Sources */,
				7AA0EF662B40BD9B009AA89D /* SettingViewController.swift in Sources */,
			);
			runOnlyForDeploymentPostprocessing = 0;
		};
/* End PBXSourcesBuildPhase section */

/* Begin PBXVariantGroup section */
		7AA0EF1A2B40AC0C009AA89D /* Main.storyboard */ = {
			isa = PBXVariantGroup;
			children = (
				7AA0EF1B2B40AC0C009AA89D /* Base */,
			);
			name = Main.storyboard;
			sourceTree = "<group>";
		};
		7AA0EF1F2B40AC0D009AA89D /* LaunchScreen.storyboard */ = {
			isa = PBXVariantGroup;
			children = (
				7AA0EF202B40AC0D009AA89D /* Base */,
			);
			name = LaunchScreen.storyboard;
			sourceTree = "<group>";
		};
/* End PBXVariantGroup section */

/* Begin XCBuildConfiguration section */
		7AA0EF232B40AC0D009AA89D /* Debug */ = {
			isa = XCBuildConfiguration;
			buildSettings = {
				ALWAYS_SEARCH_USER_PATHS = NO;
				ASSETCATALOG_COMPILER_GENERATE_SWIFT_ASSET_SYMBOL_EXTENSIONS = YES;
				CLANG_ANALYZER_NONNULL = YES;
				CLANG_ANALYZER_NUMBER_OBJECT_CONVERSION = YES_AGGRESSIVE;
				CLANG_CXX_LANGUAGE_STANDARD = "gnu++20";
				CLANG_ENABLE_MODULES = YES;
				CLANG_ENABLE_OBJC_ARC = YES;
				CLANG_ENABLE_OBJC_WEAK = YES;
				CLANG_WARN_BLOCK_CAPTURE_AUTORELEASING = YES;
				CLANG_WARN_BOOL_CONVERSION = YES;
				CLANG_WARN_COMMA = YES;
				CLANG_WARN_CONSTANT_CONVERSION = YES;
				CLANG_WARN_DEPRECATED_OBJC_IMPLEMENTATIONS = YES;
				CLANG_WARN_DIRECT_OBJC_ISA_USAGE = YES_ERROR;
				CLANG_WARN_DOCUMENTATION_COMMENTS = YES;
				CLANG_WARN_EMPTY_BODY = YES;
				CLANG_WARN_ENUM_CONVERSION = YES;
				CLANG_WARN_INFINITE_RECURSION = YES;
				CLANG_WARN_INT_CONVERSION = YES;
				CLANG_WARN_NON_LITERAL_NULL_CONVERSION = YES;
				CLANG_WARN_OBJC_IMPLICIT_RETAIN_SELF = YES;
				CLANG_WARN_OBJC_LITERAL_CONVERSION = YES;
				CLANG_WARN_OBJC_ROOT_CLASS = YES_ERROR;
				CLANG_WARN_QUOTED_INCLUDE_IN_FRAMEWORK_HEADER = YES;
				CLANG_WARN_RANGE_LOOP_ANALYSIS = YES;
				CLANG_WARN_STRICT_PROTOTYPES = YES;
				CLANG_WARN_SUSPICIOUS_MOVE = YES;
				CLANG_WARN_UNGUARDED_AVAILABILITY = YES_AGGRESSIVE;
				CLANG_WARN_UNREACHABLE_CODE = YES;
				CLANG_WARN__DUPLICATE_METHOD_MATCH = YES;
				COPY_PHASE_STRIP = NO;
				DEBUG_INFORMATION_FORMAT = dwarf;
				ENABLE_STRICT_OBJC_MSGSEND = YES;
				ENABLE_TESTABILITY = YES;
				ENABLE_USER_SCRIPT_SANDBOXING = YES;
				GCC_C_LANGUAGE_STANDARD = gnu17;
				GCC_DYNAMIC_NO_PIC = NO;
				GCC_NO_COMMON_BLOCKS = YES;
				GCC_OPTIMIZATION_LEVEL = 0;
				GCC_PREPROCESSOR_DEFINITIONS = (
					"DEBUG=1",
					"$(inherited)",
				);
				GCC_WARN_64_TO_32_BIT_CONVERSION = YES;
				GCC_WARN_ABOUT_RETURN_TYPE = YES_ERROR;
				GCC_WARN_UNDECLARED_SELECTOR = YES;
				GCC_WARN_UNINITIALIZED_AUTOS = YES_AGGRESSIVE;
				GCC_WARN_UNUSED_FUNCTION = YES;
				GCC_WARN_UNUSED_VARIABLE = YES;
				IPHONEOS_DEPLOYMENT_TARGET = 17.0;
				LOCALIZATION_PREFERS_STRING_CATALOGS = YES;
				MTL_ENABLE_DEBUG_INFO = INCLUDE_SOURCE;
				MTL_FAST_MATH = YES;
				ONLY_ACTIVE_ARCH = YES;
				SDKROOT = iphoneos;
				SWIFT_ACTIVE_COMPILATION_CONDITIONS = "DEBUG $(inherited)";
				SWIFT_OPTIMIZATION_LEVEL = "-Onone";
			};
			name = Debug;
		};
		7AA0EF242B40AC0D009AA89D /* Release */ = {
			isa = XCBuildConfiguration;
			buildSettings = {
				ALWAYS_SEARCH_USER_PATHS = NO;
				ASSETCATALOG_COMPILER_GENERATE_SWIFT_ASSET_SYMBOL_EXTENSIONS = YES;
				CLANG_ANALYZER_NONNULL = YES;
				CLANG_ANALYZER_NUMBER_OBJECT_CONVERSION = YES_AGGRESSIVE;
				CLANG_CXX_LANGUAGE_STANDARD = "gnu++20";
				CLANG_ENABLE_MODULES = YES;
				CLANG_ENABLE_OBJC_ARC = YES;
				CLANG_ENABLE_OBJC_WEAK = YES;
				CLANG_WARN_BLOCK_CAPTURE_AUTORELEASING = YES;
				CLANG_WARN_BOOL_CONVERSION = YES;
				CLANG_WARN_COMMA = YES;
				CLANG_WARN_CONSTANT_CONVERSION = YES;
				CLANG_WARN_DEPRECATED_OBJC_IMPLEMENTATIONS = YES;
				CLANG_WARN_DIRECT_OBJC_ISA_USAGE = YES_ERROR;
				CLANG_WARN_DOCUMENTATION_COMMENTS = YES;
				CLANG_WARN_EMPTY_BODY = YES;
				CLANG_WARN_ENUM_CONVERSION = YES;
				CLANG_WARN_INFINITE_RECURSION = YES;
				CLANG_WARN_INT_CONVERSION = YES;
				CLANG_WARN_NON_LITERAL_NULL_CONVERSION = YES;
				CLANG_WARN_OBJC_IMPLICIT_RETAIN_SELF = YES;
				CLANG_WARN_OBJC_LITERAL_CONVERSION = YES;
				CLANG_WARN_OBJC_ROOT_CLASS = YES_ERROR;
				CLANG_WARN_QUOTED_INCLUDE_IN_FRAMEWORK_HEADER = YES;
				CLANG_WARN_RANGE_LOOP_ANALYSIS = YES;
				CLANG_WARN_STRICT_PROTOTYPES = YES;
				CLANG_WARN_SUSPICIOUS_MOVE = YES;
				CLANG_WARN_UNGUARDED_AVAILABILITY = YES_AGGRESSIVE;
				CLANG_WARN_UNREACHABLE_CODE = YES;
				CLANG_WARN__DUPLICATE_METHOD_MATCH = YES;
				COPY_PHASE_STRIP = NO;
				DEBUG_INFORMATION_FORMAT = "dwarf-with-dsym";
				ENABLE_NS_ASSERTIONS = NO;
				ENABLE_STRICT_OBJC_MSGSEND = YES;
				ENABLE_USER_SCRIPT_SANDBOXING = YES;
				GCC_C_LANGUAGE_STANDARD = gnu17;
				GCC_NO_COMMON_BLOCKS = YES;
				GCC_WARN_64_TO_32_BIT_CONVERSION = YES;
				GCC_WARN_ABOUT_RETURN_TYPE = YES_ERROR;
				GCC_WARN_UNDECLARED_SELECTOR = YES;
				GCC_WARN_UNINITIALIZED_AUTOS = YES_AGGRESSIVE;
				GCC_WARN_UNUSED_FUNCTION = YES;
				GCC_WARN_UNUSED_VARIABLE = YES;
				IPHONEOS_DEPLOYMENT_TARGET = 17.0;
				LOCALIZATION_PREFERS_STRING_CATALOGS = YES;
				MTL_ENABLE_DEBUG_INFO = NO;
				MTL_FAST_MATH = YES;
				SDKROOT = iphoneos;
				SWIFT_COMPILATION_MODE = wholemodule;
				VALIDATE_PRODUCT = YES;
			};
			name = Release;
		};
		7AA0EF262B40AC0D009AA89D /* Debug */ = {
			isa = XCBuildConfiguration;
			buildSettings = {
				ASSETCATALOG_COMPILER_APPICON_NAME = AppIcon;
				ASSETCATALOG_COMPILER_GLOBAL_ACCENT_COLOR_NAME = AccentColor;
				CODE_SIGN_STYLE = Automatic;
				CURRENT_PROJECT_VERSION = 1;
				DEVELOPMENT_TEAM = WKASSZ9CY5;
				GENERATE_INFOPLIST_FILE = YES;
				INFOPLIST_FILE = FirstFirebaseApplication/Info.plist;
				INFOPLIST_KEY_UIApplicationSupportsIndirectInputEvents = YES;
				INFOPLIST_KEY_UILaunchStoryboardName = LaunchScreen;
				INFOPLIST_KEY_UIMainStoryboardFile = Main;
				INFOPLIST_KEY_UISupportedInterfaceOrientations_iPad = "UIInterfaceOrientationPortrait UIInterfaceOrientationPortraitUpsideDown UIInterfaceOrientationLandscapeLeft UIInterfaceOrientationLandscapeRight";
				INFOPLIST_KEY_UISupportedInterfaceOrientations_iPhone = "UIInterfaceOrientationPortrait UIInterfaceOrientationLandscapeLeft UIInterfaceOrientationLandscapeRight";
				LD_RUNPATH_SEARCH_PATHS = (
					"$(inherited)",
					"@executable_path/Frameworks",
				);
				MARKETING_VERSION = 1.0;
				PRODUCT_BUNDLE_IDENTIFIER = com.erencetintas.FirstFirebaseApplication;
				PRODUCT_NAME = "$(TARGET_NAME)";
				SWIFT_EMIT_LOC_STRINGS = YES;
				SWIFT_VERSION = 5.0;
				TARGETED_DEVICE_FAMILY = "1,2";
			};
			name = Debug;
		};
		7AA0EF272B40AC0D009AA89D /* Release */ = {
			isa = XCBuildConfiguration;
			buildSettings = {
				ASSETCATALOG_COMPILER_APPICON_NAME = AppIcon;
				ASSETCATALOG_COMPILER_GLOBAL_ACCENT_COLOR_NAME = AccentColor;
				CODE_SIGN_STYLE = Automatic;
				CURRENT_PROJECT_VERSION = 1;
				DEVELOPMENT_TEAM = WKASSZ9CY5;
				GENERATE_INFOPLIST_FILE = YES;
				INFOPLIST_FILE = FirstFirebaseApplication/Info.plist;
				INFOPLIST_KEY_UIApplicationSupportsIndirectInputEvents = YES;
				INFOPLIST_KEY_UILaunchStoryboardName = LaunchScreen;
				INFOPLIST_KEY_UIMainStoryboardFile = Main;
				INFOPLIST_KEY_UISupportedInterfaceOrientations_iPad = "UIInterfaceOrientationPortrait UIInterfaceOrientationPortraitUpsideDown UIInterfaceOrientationLandscapeLeft UIInterfaceOrientationLandscapeRight";
				INFOPLIST_KEY_UISupportedInterfaceOrientations_iPhone = "UIInterfaceOrientationPortrait UIInterfaceOrientationLandscapeLeft UIInterfaceOrientationLandscapeRight";
				LD_RUNPATH_SEARCH_PATHS = (
					"$(inherited)",
					"@executable_path/Frameworks",
				);
				MARKETING_VERSION = 1.0;
				PRODUCT_BUNDLE_IDENTIFIER = com.erencetintas.FirstFirebaseApplication;
				PRODUCT_NAME = "$(TARGET_NAME)";
				SWIFT_EMIT_LOC_STRINGS = YES;
				SWIFT_VERSION = 5.0;
				TARGETED_DEVICE_FAMILY = "1,2";
			};
			name = Release;
		};
/* End XCBuildConfiguration section */

/* Begin XCConfigurationList section */
		7AA0EF0C2B40AC0C009AA89D /* Build configuration list for PBXProject "FirstFirebaseApplication" */ = {
			isa = XCConfigurationList;
			buildConfigurations = (
				7AA0EF232B40AC0D009AA89D /* Debug */,
				7AA0EF242B40AC0D009AA89D /* Release */,
			);
			defaultConfigurationIsVisible = 0;
			defaultConfigurationName = Release;
		};
		7AA0EF252B40AC0D009AA89D /* Build configuration list for PBXNativeTarget "FirstFirebaseApplication" */ = {
			isa = XCConfigurationList;
			buildConfigurations = (
				7AA0EF262B40AC0D009AA89D /* Debug */,
				7AA0EF272B40AC0D009AA89D /* Release */,
			);
			defaultConfigurationIsVisible = 0;
			defaultConfigurationName = Release;
		};
/* End XCConfigurationList section */

/* Begin XCRemoteSwiftPackageReference section */
		7AA0EF2A2B40B5B6009AA89D /* XCRemoteSwiftPackageReference "firebase-ios-sdk" */ = {
			isa = XCRemoteSwiftPackageReference;
			repositoryURL = "https://github.com/firebase/firebase-ios-sdk";
			requirement = {
				kind = upToNextMajorVersion;
				minimumVersion = 10.19.1;
			};
		};
		7AD7CF682B542D9F0084F9BF /* XCRemoteSwiftPackageReference "SDWebImage" */ = {
			isa = XCRemoteSwiftPackageReference;
			repositoryURL = "https://github.com/SDWebImage/SDWebImage.git";
			requirement = {
				kind = upToNextMajorVersion;
				minimumVersion = 5.18.10;
			};
		};
/* End XCRemoteSwiftPackageReference section */

/* Begin XCSwiftPackageProductDependency section */
		7AA0EF2B2B40B5B6009AA89D /* FirebaseAnalytics */ = {
			isa = XCSwiftPackageProductDependency;
			package = 7AA0EF2A2B40B5B6009AA89D /* XCRemoteSwiftPackageReference "firebase-ios-sdk" */;
			productName = FirebaseAnalytics;
		};
		7AA0EF2D2B40B5B6009AA89D /* FirebaseAnalyticsOnDeviceConversion */ = {
			isa = XCSwiftPackageProductDependency;
			package = 7AA0EF2A2B40B5B6009AA89D /* XCRemoteSwiftPackageReference "firebase-ios-sdk" */;
			productName = FirebaseAnalyticsOnDeviceConversion;
		};
		7AA0EF2F2B40B5B6009AA89D /* FirebaseAnalyticsSwift */ = {
			isa = XCSwiftPackageProductDependency;
			package = 7AA0EF2A2B40B5B6009AA89D /* XCRemoteSwiftPackageReference "firebase-ios-sdk" */;
			productName = FirebaseAnalyticsSwift;
		};
		7AA0EF312B40B5B6009AA89D /* FirebaseAnalyticsWithoutAdIdSupport */ = {
			isa = XCSwiftPackageProductDependency;
			package = 7AA0EF2A2B40B5B6009AA89D /* XCRemoteSwiftPackageReference "firebase-ios-sdk" */;
			productName = FirebaseAnalyticsWithoutAdIdSupport;
		};
		7AA0EF332B40B5B6009AA89D /* FirebaseAppCheck */ = {
			isa = XCSwiftPackageProductDependency;
			package = 7AA0EF2A2B40B5B6009AA89D /* XCRemoteSwiftPackageReference "firebase-ios-sdk" */;
			productName = FirebaseAppCheck;
		};
		7AA0EF352B40B5B6009AA89D /* FirebaseAppDistribution-Beta */ = {
			isa = XCSwiftPackageProductDependency;
			package = 7AA0EF2A2B40B5B6009AA89D /* XCRemoteSwiftPackageReference "firebase-ios-sdk" */;
			productName = "FirebaseAppDistribution-Beta";
		};
		7AA0EF372B40B5B6009AA89D /* FirebaseAuth */ = {
			isa = XCSwiftPackageProductDependency;
			package = 7AA0EF2A2B40B5B6009AA89D /* XCRemoteSwiftPackageReference "firebase-ios-sdk" */;
			productName = FirebaseAuth;
		};
		7AA0EF392B40B5B6009AA89D /* FirebaseAuthCombine-Community */ = {
			isa = XCSwiftPackageProductDependency;
			package = 7AA0EF2A2B40B5B6009AA89D /* XCRemoteSwiftPackageReference "firebase-ios-sdk" */;
			productName = "FirebaseAuthCombine-Community";
		};
		7AA0EF3B2B40B5B6009AA89D /* FirebaseCrashlytics */ = {
			isa = XCSwiftPackageProductDependency;
			package = 7AA0EF2A2B40B5B6009AA89D /* XCRemoteSwiftPackageReference "firebase-ios-sdk" */;
			productName = FirebaseCrashlytics;
		};
		7AA0EF3D2B40B5B6009AA89D /* FirebaseDatabase */ = {
			isa = XCSwiftPackageProductDependency;
			package = 7AA0EF2A2B40B5B6009AA89D /* XCRemoteSwiftPackageReference "firebase-ios-sdk" */;
			productName = FirebaseDatabase;
		};
		7AA0EF3F2B40B5B6009AA89D /* FirebaseDatabaseSwift */ = {
			isa = XCSwiftPackageProductDependency;
			package = 7AA0EF2A2B40B5B6009AA89D /* XCRemoteSwiftPackageReference "firebase-ios-sdk" */;
			productName = FirebaseDatabaseSwift;
		};
		7AA0EF412B40B5B6009AA89D /* FirebaseDynamicLinks */ = {
			isa = XCSwiftPackageProductDependency;
			package = 7AA0EF2A2B40B5B6009AA89D /* XCRemoteSwiftPackageReference "firebase-ios-sdk" */;
			productName = FirebaseDynamicLinks;
		};
		7AA0EF432B40B5B6009AA89D /* FirebaseFirestore */ = {
			isa = XCSwiftPackageProductDependency;
			package = 7AA0EF2A2B40B5B6009AA89D /* XCRemoteSwiftPackageReference "firebase-ios-sdk" */;
			productName = FirebaseFirestore;
		};
		7AA0EF452B40B5B6009AA89D /* FirebaseFirestoreCombine-Community */ = {
			isa = XCSwiftPackageProductDependency;
			package = 7AA0EF2A2B40B5B6009AA89D /* XCRemoteSwiftPackageReference "firebase-ios-sdk" */;
			productName = "FirebaseFirestoreCombine-Community";
		};
		7AA0EF472B40B5B6009AA89D /* FirebaseFirestoreSwift */ = {
			isa = XCSwiftPackageProductDependency;
			package = 7AA0EF2A2B40B5B6009AA89D /* XCRemoteSwiftPackageReference "firebase-ios-sdk" */;
			productName = FirebaseFirestoreSwift;
		};
		7AA0EF492B40B5B6009AA89D /* FirebaseFunctions */ = {
			isa = XCSwiftPackageProductDependency;
			package = 7AA0EF2A2B40B5B6009AA89D /* XCRemoteSwiftPackageReference "firebase-ios-sdk" */;
			productName = FirebaseFunctions;
		};
		7AA0EF4B2B40B5B6009AA89D /* FirebaseFunctionsCombine-Community */ = {
			isa = XCSwiftPackageProductDependency;
			package = 7AA0EF2A2B40B5B6009AA89D /* XCRemoteSwiftPackageReference "firebase-ios-sdk" */;
			productName = "FirebaseFunctionsCombine-Community";
		};
		7AA0EF4D2B40B5B6009AA89D /* FirebaseInAppMessaging-Beta */ = {
			isa = XCSwiftPackageProductDependency;
			package = 7AA0EF2A2B40B5B6009AA89D /* XCRemoteSwiftPackageReference "firebase-ios-sdk" */;
			productName = "FirebaseInAppMessaging-Beta";
		};
		7AA0EF4F2B40B5B6009AA89D /* FirebaseInAppMessagingSwift-Beta */ = {
			isa = XCSwiftPackageProductDependency;
			package = 7AA0EF2A2B40B5B6009AA89D /* XCRemoteSwiftPackageReference "firebase-ios-sdk" */;
			productName = "FirebaseInAppMessagingSwift-Beta";
		};
		7AA0EF512B40B5B6009AA89D /* FirebaseInstallations */ = {
			isa = XCSwiftPackageProductDependency;
			package = 7AA0EF2A2B40B5B6009AA89D /* XCRemoteSwiftPackageReference "firebase-ios-sdk" */;
			productName = FirebaseInstallations;
		};
		7AA0EF532B40B5B6009AA89D /* FirebaseMLModelDownloader */ = {
			isa = XCSwiftPackageProductDependency;
			package = 7AA0EF2A2B40B5B6009AA89D /* XCRemoteSwiftPackageReference "firebase-ios-sdk" */;
			productName = FirebaseMLModelDownloader;
		};
		7AA0EF552B40B5B6009AA89D /* FirebaseMessaging */ = {
			isa = XCSwiftPackageProductDependency;
			package = 7AA0EF2A2B40B5B6009AA89D /* XCRemoteSwiftPackageReference "firebase-ios-sdk" */;
			productName = FirebaseMessaging;
		};
		7AA0EF572B40B5B6009AA89D /* FirebasePerformance */ = {
			isa = XCSwiftPackageProductDependency;
			package = 7AA0EF2A2B40B5B6009AA89D /* XCRemoteSwiftPackageReference "firebase-ios-sdk" */;
			productName = FirebasePerformance;
		};
		7AA0EF592B40B5B6009AA89D /* FirebaseRemoteConfig */ = {
			isa = XCSwiftPackageProductDependency;
			package = 7AA0EF2A2B40B5B6009AA89D /* XCRemoteSwiftPackageReference "firebase-ios-sdk" */;
			productName = FirebaseRemoteConfig;
		};
		7AA0EF5B2B40B5B6009AA89D /* FirebaseRemoteConfigSwift */ = {
			isa = XCSwiftPackageProductDependency;
			package = 7AA0EF2A2B40B5B6009AA89D /* XCRemoteSwiftPackageReference "firebase-ios-sdk" */;
			productName = FirebaseRemoteConfigSwift;
		};
		7AA0EF5D2B40B5B6009AA89D /* FirebaseStorage */ = {
			isa = XCSwiftPackageProductDependency;
			package = 7AA0EF2A2B40B5B6009AA89D /* XCRemoteSwiftPackageReference "firebase-ios-sdk" */;
			productName = FirebaseStorage;
		};
		7AA0EF5F2B40B5B6009AA89D /* FirebaseStorageCombine-Community */ = {
			isa = XCSwiftPackageProductDependency;
			package = 7AA0EF2A2B40B5B6009AA89D /* XCRemoteSwiftPackageReference "firebase-ios-sdk" */;
			productName = "FirebaseStorageCombine-Community";
		};
		7AD7CF692B542D9F0084F9BF /* SDWebImage */ = {
			isa = XCSwiftPackageProductDependency;
			package = 7AD7CF682B542D9F0084F9BF /* XCRemoteSwiftPackageReference "SDWebImage" */;
			productName = SDWebImage;
		};
		7AD7CF6B2B542D9F0084F9BF /* SDWebImageMapKit */ = {
			isa = XCSwiftPackageProductDependency;
			package = 7AD7CF682B542D9F0084F9BF /* XCRemoteSwiftPackageReference "SDWebImage" */;
			productName = SDWebImageMapKit;
		};
/* End XCSwiftPackageProductDependency section */
	};
	rootObject = 7AA0EF092B40AC0C009AA89D /* Project object */;
}
