// !$*UTF8*$!
{
	archiveVersion = 1;
	classes = {
	};
	objectVersion = 56;
	objects = {

/* Begin PBXBuildFile section */
		625279A37E6F1671D8E93830 /* Pods_Alamofire.framework in Frameworks */ = {isa = PBXBuildFile; fileRef = F4CEB618DBB36369F0452925 /* Pods_Alamofire.framework */; };
		7A3B4D522BB8A0D60045A23C /* NotHucreTableViewCell.swift in Sources */ = {isa = PBXBuildFile; fileRef = 7A3B4D512BB8A0D60045A23C /* NotHucreTableViewCell.swift */; };
		7A3B4D542BB8A0FE0045A23C /* NotEkleViewController.swift in Sources */ = {isa = PBXBuildFile; fileRef = 7A3B4D532BB8A0FE0045A23C /* NotEkleViewController.swift */; };
		7A3B4D562BB8A1280045A23C /* NotDetayViewController.swift in Sources */ = {isa = PBXBuildFile; fileRef = 7A3B4D552BB8A1280045A23C /* NotDetayViewController.swift */; };
		7A3B4D582BB8A13A0045A23C /* Notlar.swift in Sources */ = {isa = PBXBuildFile; fileRef = 7A3B4D572BB8A13A0045A23C /* Notlar.swift */; };
		7A3B4D5A2BB8A1950045A23C /* NotlarCevap.swift in Sources */ = {isa = PBXBuildFile; fileRef = 7A3B4D592BB8A1950045A23C /* NotlarCevap.swift */; };
		7ABE4CFE2BA7546C0012848D /* Alamofire in Frameworks */ = {isa = PBXBuildFile; productRef = 7ABE4CFD2BA7546C0012848D /* Alamofire */; };
		7ABE4D002BA7546C0012848D /* AlamofireDynamic in Frameworks */ = {isa = PBXBuildFile; productRef = 7ABE4CFF2BA7546C0012848D /* AlamofireDynamic */; };
		7ABE4D022BA754C20012848D /* Alamofire in Frameworks */ = {isa = PBXBuildFile; productRef = 7ABE4D012BA754C20012848D /* Alamofire */; };
		7ABE4D042BA754C20012848D /* AlamofireDynamic in Frameworks */ = {isa = PBXBuildFile; productRef = 7ABE4D032BA754C20012848D /* AlamofireDynamic */; };
		7AC08EB72B9DEBA800F5E055 /* AppDelegate.swift in Sources */ = {isa = PBXBuildFile; fileRef = 7AC08EB62B9DEBA800F5E055 /* AppDelegate.swift */; };
		7AC08EB92B9DEBA800F5E055 /* SceneDelegate.swift in Sources */ = {isa = PBXBuildFile; fileRef = 7AC08EB82B9DEBA800F5E055 /* SceneDelegate.swift */; };
		7AC08EBB2B9DEBA800F5E055 /* ViewController.swift in Sources */ = {isa = PBXBuildFile; fileRef = 7AC08EBA2B9DEBA800F5E055 /* ViewController.swift */; };
		7AC08EBE2B9DEBA800F5E055 /* Main.storyboard in Resources */ = {isa = PBXBuildFile; fileRef = 7AC08EBC2B9DEBA800F5E055 /* Main.storyboard */; };
		7AC08EC02B9DEBA800F5E055 /* Assets.xcassets in Resources */ = {isa = PBXBuildFile; fileRef = 7AC08EBF2B9DEBA800F5E055 /* Assets.xcassets */; };
		7AC08EC32B9DEBA800F5E055 /* LaunchScreen.storyboard in Resources */ = {isa = PBXBuildFile; fileRef = 7AC08EC12B9DEBA800F5E055 /* LaunchScreen.storyboard */; };
/* End PBXBuildFile section */

/* Begin PBXFileReference section */
		7A3B4D512BB8A0D60045A23C /* NotHucreTableViewCell.swift */ = {isa = PBXFileReference; lastKnownFileType = sourcecode.swift; path = NotHucreTableViewCell.swift; sourceTree = "<group>"; };
		7A3B4D532BB8A0FE0045A23C /* NotEkleViewController.swift */ = {isa = PBXFileReference; lastKnownFileType = sourcecode.swift; path = NotEkleViewController.swift; sourceTree = "<group>"; };
		7A3B4D552BB8A1280045A23C /* NotDetayViewController.swift */ = {isa = PBXFileReference; lastKnownFileType = sourcecode.swift; path = NotDetayViewController.swift; sourceTree = "<group>"; };
		7A3B4D572BB8A13A0045A23C /* Notlar.swift */ = {isa = PBXFileReference; lastKnownFileType = sourcecode.swift; path = Notlar.swift; sourceTree = "<group>"; };
		7A3B4D592BB8A1950045A23C /* NotlarCevap.swift */ = {isa = PBXFileReference; lastKnownFileType = sourcecode.swift; path = NotlarCevap.swift; sourceTree = "<group>"; };
		7AC08EB32B9DEBA800F5E055 /* Alamofire.app */ = {isa = PBXFileReference; explicitFileType = wrapper.application; includeInIndex = 0; path = Alamofire.app; sourceTree = BUILT_PRODUCTS_DIR; };
		7AC08EB62B9DEBA800F5E055 /* AppDelegate.swift */ = {isa = PBXFileReference; lastKnownFileType = sourcecode.swift; path = AppDelegate.swift; sourceTree = "<group>"; };
		7AC08EB82B9DEBA800F5E055 /* SceneDelegate.swift */ = {isa = PBXFileReference; lastKnownFileType = sourcecode.swift; path = SceneDelegate.swift; sourceTree = "<group>"; };
		7AC08EBA2B9DEBA800F5E055 /* ViewController.swift */ = {isa = PBXFileReference; lastKnownFileType = sourcecode.swift; path = ViewController.swift; sourceTree = "<group>"; };
		7AC08EBD2B9DEBA800F5E055 /* Base */ = {isa = PBXFileReference; lastKnownFileType = file.storyboard; name = Base; path = Base.lproj/Main.storyboard; sourceTree = "<group>"; };
		7AC08EBF2B9DEBA800F5E055 /* Assets.xcassets */ = {isa = PBXFileReference; lastKnownFileType = folder.assetcatalog; path = Assets.xcassets; sourceTree = "<group>"; };
		7AC08EC22B9DEBA800F5E055 /* Base */ = {isa = PBXFileReference; lastKnownFileType = file.storyboard; name = Base; path = Base.lproj/LaunchScreen.storyboard; sourceTree = "<group>"; };
		7AC08EC42B9DEBA800F5E055 /* Info.plist */ = {isa = PBXFileReference; lastKnownFileType = text.plist.xml; path = Info.plist; sourceTree = "<group>"; };
		88D16C222DEFE9BF6D452D2C /* Pods-Alamofire.debug.xcconfig */ = {isa = PBXFileReference; includeInIndex = 1; lastKnownFileType = text.xcconfig; name = "Pods-Alamofire.debug.xcconfig"; path = "Target Support Files/Pods-Alamofire/Pods-Alamofire.debug.xcconfig"; sourceTree = "<group>"; };
		9A79FFF6604BE18A31917BCC /* Pods-Alamofire.release.xcconfig */ = {isa = PBXFileReference; includeInIndex = 1; lastKnownFileType = text.xcconfig; name = "Pods-Alamofire.release.xcconfig"; path = "Target Support Files/Pods-Alamofire/Pods-Alamofire.release.xcconfig"; sourceTree = "<group>"; };
		F4CEB618DBB36369F0452925 /* Pods_Alamofire.framework */ = {isa = PBXFileReference; explicitFileType = wrapper.framework; includeInIndex = 0; path = Pods_Alamofire.framework; sourceTree = BUILT_PRODUCTS_DIR; };
/* End PBXFileReference section */

/* Begin PBXFrameworksBuildPhase section */
		7AC08EB02B9DEBA800F5E055 /* Frameworks */ = {
			isa = PBXFrameworksBuildPhase;
			buildActionMask = 2147483647;
			files = (
				625279A37E6F1671D8E93830 /* Pods_Alamofire.framework in Frameworks */,
				7ABE4D022BA754C20012848D /* Alamofire in Frameworks */,
				7ABE4D042BA754C20012848D /* AlamofireDynamic in Frameworks */,
				7ABE4D002BA7546C0012848D /* AlamofireDynamic in Frameworks */,
				7ABE4CFE2BA7546C0012848D /* Alamofire in Frameworks */,
			);
			runOnlyForDeploymentPostprocessing = 0;
		};
/* End PBXFrameworksBuildPhase section */

/* Begin PBXGroup section */
		471AA710CEA98A11492BDB96 /* Pods */ = {
			isa = PBXGroup;
			children = (
				88D16C222DEFE9BF6D452D2C /* Pods-Alamofire.debug.xcconfig */,
				9A79FFF6604BE18A31917BCC /* Pods-Alamofire.release.xcconfig */,
			);
			path = Pods;
			sourceTree = "<group>";
		};
		7AC08EAA2B9DEBA800F5E055 = {
			isa = PBXGroup;
			children = (
				7AC08EB52B9DEBA800F5E055 /* Alamofire */,
				7AC08EB42B9DEBA800F5E055 /* Products */,
				471AA710CEA98A11492BDB96 /* Pods */,
				A67CF050284451602BCB1419 /* Frameworks */,
			);
			sourceTree = "<group>";
		};
		7AC08EB42B9DEBA800F5E055 /* Products */ = {
			isa = PBXGroup;
			children = (
				7AC08EB32B9DEBA800F5E055 /* Alamofire.app */,
			);
			name = Products;
			sourceTree = "<group>";
		};
		7AC08EB52B9DEBA800F5E055 /* Alamofire */ = {
			isa = PBXGroup;
			children = (
				7AC08EB62B9DEBA800F5E055 /* AppDelegate.swift */,
				7AC08EB82B9DEBA800F5E055 /* SceneDelegate.swift */,
				7A3B4D512BB8A0D60045A23C /* NotHucreTableViewCell.swift */,
				7A3B4D532BB8A0FE0045A23C /* NotEkleViewController.swift */,
				7A3B4D552BB8A1280045A23C /* NotDetayViewController.swift */,
				7A3B4D572BB8A13A0045A23C /* Notlar.swift */,
				7AC08EBA2B9DEBA800F5E055 /* ViewController.swift */,
				7A3B4D592BB8A1950045A23C /* NotlarCevap.swift */,
				7AC08EBC2B9DEBA800F5E055 /* Main.storyboard */,
				7AC08EBF2B9DEBA800F5E055 /* Assets.xcassets */,
				7AC08EC12B9DEBA800F5E055 /* LaunchScreen.storyboard */,
				7AC08EC42B9DEBA800F5E055 /* Info.plist */,
			);
			path = Alamofire;
			sourceTree = "<group>";
		};
		A67CF050284451602BCB1419 /* Frameworks */ = {
			isa = PBXGroup;
			children = (
				F4CEB618DBB36369F0452925 /* Pods_Alamofire.framework */,
			);
			name = Frameworks;
			sourceTree = "<group>";
		};
/* End PBXGroup section */

/* Begin PBXNativeTarget section */
		7AC08EB22B9DEBA800F5E055 /* Alamofire */ = {
			isa = PBXNativeTarget;
			buildConfigurationList = 7AC08EC72B9DEBA800F5E055 /* Build configuration list for PBXNativeTarget "Alamofire" */;
			buildPhases = (
				D839A62F5607AFC5430D3F8E /* [CP] Check Pods Manifest.lock */,
				7AC08EAF2B9DEBA800F5E055 /* Sources */,
				7AC08EB02B9DEBA800F5E055 /* Frameworks */,
				7AC08EB12B9DEBA800F5E055 /* Resources */,
				7455E4ED37E329CE1358EA03 /* [CP] Embed Pods Frameworks */,
			);
			buildRules = (
			);
			dependencies = (
			);
			name = Alamofire;
			packageProductDependencies = (
				7ABE4CFD2BA7546C0012848D /* Alamofire */,
				7ABE4CFF2BA7546C0012848D /* AlamofireDynamic */,
				7ABE4D012BA754C20012848D /* Alamofire */,
				7ABE4D032BA754C20012848D /* AlamofireDynamic */,
			);
			productName = Alamofire;
			productReference = 7AC08EB32B9DEBA800F5E055 /* Alamofire.app */;
			productType = "com.apple.product-type.application";
		};
/* End PBXNativeTarget section */

/* Begin PBXProject section */
		7AC08EAB2B9DEBA800F5E055 /* Project object */ = {
			isa = PBXProject;
			attributes = {
				BuildIndependentTargetsInParallel = 1;
				LastSwiftUpdateCheck = 1500;
				LastUpgradeCheck = 1500;
				TargetAttributes = {
					7AC08EB22B9DEBA800F5E055 = {
						CreatedOnToolsVersion = 15.0;
					};
				};
			};
			buildConfigurationList = 7AC08EAE2B9DEBA800F5E055 /* Build configuration list for PBXProject "Alamofire" */;
			compatibilityVersion = "Xcode 14.0";
			developmentRegion = en;
			hasScannedForEncodings = 0;
			knownRegions = (
				en,
				Base,
			);
			mainGroup = 7AC08EAA2B9DEBA800F5E055;
			packageReferences = (
				7ABE4CFC2BA7546B0012848D /* XCRemoteSwiftPackageReference "Alamofire" */,
			);
			productRefGroup = 7AC08EB42B9DEBA800F5E055 /* Products */;
			projectDirPath = "";
			projectRoot = "";
			targets = (
				7AC08EB22B9DEBA800F5E055 /* Alamofire */,
			);
		};
/* End PBXProject section */

/* Begin PBXResourcesBuildPhase section */
		7AC08EB12B9DEBA800F5E055 /* Resources */ = {
			isa = PBXResourcesBuildPhase;
			buildActionMask = 2147483647;
			files = (
				7AC08EC32B9DEBA800F5E055 /* LaunchScreen.storyboard in Resources */,
				7AC08EC02B9DEBA800F5E055 /* Assets.xcassets in Resources */,
				7AC08EBE2B9DEBA800F5E055 /* Main.storyboard in Resources */,
			);
			runOnlyForDeploymentPostprocessing = 0;
		};
/* End PBXResourcesBuildPhase section */

/* Begin PBXShellScriptBuildPhase section */
		7455E4ED37E329CE1358EA03 /* [CP] Embed Pods Frameworks */ = {
			isa = PBXShellScriptBuildPhase;
			buildActionMask = 2147483647;
			files = (
			);
			inputFileListPaths = (
				"${PODS_ROOT}/Target Support Files/Pods-Alamofire/Pods-Alamofire-frameworks-${CONFIGURATION}-input-files.xcfilelist",
			);
			name = "[CP] Embed Pods Frameworks";
			outputFileListPaths = (
				"${PODS_ROOT}/Target Support Files/Pods-Alamofire/Pods-Alamofire-frameworks-${CONFIGURATION}-output-files.xcfilelist",
			);
			runOnlyForDeploymentPostprocessing = 0;
			shellPath = /bin/sh;
			shellScript = "\"${PODS_ROOT}/Target Support Files/Pods-Alamofire/Pods-Alamofire-frameworks.sh\"\n";
			showEnvVarsInLog = 0;
		};
		D839A62F5607AFC5430D3F8E /* [CP] Check Pods Manifest.lock */ = {
			isa = PBXShellScriptBuildPhase;
			buildActionMask = 2147483647;
			files = (
			);
			inputFileListPaths = (
			);
			inputPaths = (
				"${PODS_PODFILE_DIR_PATH}/Podfile.lock",
				"${PODS_ROOT}/Manifest.lock",
			);
			name = "[CP] Check Pods Manifest.lock";
			outputFileListPaths = (
			);
			outputPaths = (
				"$(DERIVED_FILE_DIR)/Pods-Alamofire-checkManifestLockResult.txt",
			);
			runOnlyForDeploymentPostprocessing = 0;
			shellPath = /bin/sh;
			shellScript = "diff \"${PODS_PODFILE_DIR_PATH}/Podfile.lock\" \"${PODS_ROOT}/Manifest.lock\" > /dev/null\nif [ $? != 0 ] ; then\n    # print error to STDERR\n    echo \"error: The sandbox is not in sync with the Podfile.lock. Run 'pod install' or update your CocoaPods installation.\" >&2\n    exit 1\nfi\n# This output is used by Xcode 'outputs' to avoid re-running this script phase.\necho \"SUCCESS\" > \"${SCRIPT_OUTPUT_FILE_0}\"\n";
			showEnvVarsInLog = 0;
		};
/* End PBXShellScriptBuildPhase section */

/* Begin PBXSourcesBuildPhase section */
		7AC08EAF2B9DEBA800F5E055 /* Sources */ = {
			isa = PBXSourcesBuildPhase;
			buildActionMask = 2147483647;
			files = (
				7AC08EBB2B9DEBA800F5E055 /* ViewController.swift in Sources */,
				7A3B4D542BB8A0FE0045A23C /* NotEkleViewController.swift in Sources */,
				7A3B4D582BB8A13A0045A23C /* Notlar.swift in Sources */,
				7A3B4D5A2BB8A1950045A23C /* NotlarCevap.swift in Sources */,
				7A3B4D522BB8A0D60045A23C /* NotHucreTableViewCell.swift in Sources */,
				7AC08EB72B9DEBA800F5E055 /* AppDelegate.swift in Sources */,
				7A3B4D562BB8A1280045A23C /* NotDetayViewController.swift in Sources */,
				7AC08EB92B9DEBA800F5E055 /* SceneDelegate.swift in Sources */,
			);
			runOnlyForDeploymentPostprocessing = 0;
		};
/* End PBXSourcesBuildPhase section */

/* Begin PBXVariantGroup section */
		7AC08EBC2B9DEBA800F5E055 /* Main.storyboard */ = {
			isa = PBXVariantGroup;
			children = (
				7AC08EBD2B9DEBA800F5E055 /* Base */,
			);
			name = Main.storyboard;
			sourceTree = "<group>";
		};
		7AC08EC12B9DEBA800F5E055 /* LaunchScreen.storyboard */ = {
			isa = PBXVariantGroup;
			children = (
				7AC08EC22B9DEBA800F5E055 /* Base */,
			);
			name = LaunchScreen.storyboard;
			sourceTree = "<group>";
		};
/* End PBXVariantGroup section */

/* Begin XCBuildConfiguration section */
		7AC08EC52B9DEBA800F5E055 /* Debug */ = {
			isa = XCBuildConfiguration;
			buildSettings = {
				ALWAYS_SEARCH_USER_PATHS = NO;
				ASSETCATALOG_COMPILER_GENERATE_SWIFT_ASSET_SYMBOL_EXTENSIONS = YES;
				CLANG_ANALYZER_NONNULL = YES;
				CLANG_ANALYZER_NUMBER_OBJECT_CONVERSION = YES_AGGRESSIVE;
				CLANG_CXX_LANGUAGE_STANDARD = "gnu++20";
				CLANG_ENABLE_MODULES = YES;
				CLANG_ENABLE_OBJC_ARC = YES;
				CLANG_ENABLE_OBJC_WEAK = YES;
				CLANG_WARN_BLOCK_CAPTURE_AUTORELEASING = YES;
				CLANG_WARN_BOOL_CONVERSION = YES;
				CLANG_WARN_COMMA = YES;
				CLANG_WARN_CONSTANT_CONVERSION = YES;
				CLANG_WARN_DEPRECATED_OBJC_IMPLEMENTATIONS = YES;
				CLANG_WARN_DIRECT_OBJC_ISA_USAGE = YES_ERROR;
				CLANG_WARN_DOCUMENTATION_COMMENTS = YES;
				CLANG_WARN_EMPTY_BODY = YES;
				CLANG_WARN_ENUM_CONVERSION = YES;
				CLANG_WARN_INFINITE_RECURSION = YES;
				CLANG_WARN_INT_CONVERSION = YES;
				CLANG_WARN_NON_LITERAL_NULL_CONVERSION = YES;
				CLANG_WARN_OBJC_IMPLICIT_RETAIN_SELF = YES;
				CLANG_WARN_OBJC_LITERAL_CONVERSION = YES;
				CLANG_WARN_OBJC_ROOT_CLASS = YES_ERROR;
				CLANG_WARN_QUOTED_INCLUDE_IN_FRAMEWORK_HEADER = YES;
				CLANG_WARN_RANGE_LOOP_ANALYSIS = YES;
				CLANG_WARN_STRICT_PROTOTYPES = YES;
				CLANG_WARN_SUSPICIOUS_MOVE = YES;
				CLANG_WARN_UNGUARDED_AVAILABILITY = YES_AGGRESSIVE;
				CLANG_WARN_UNREACHABLE_CODE = YES;
				CLANG_WARN__DUPLICATE_METHOD_MATCH = YES;
				COPY_PHASE_STRIP = NO;
				DEBUG_INFORMATION_FORMAT = dwarf;
				ENABLE_STRICT_OBJC_MSGSEND = YES;
				ENABLE_TESTABILITY = YES;
				ENABLE_USER_SCRIPT_SANDBOXING = YES;
				GCC_C_LANGUAGE_STANDARD = gnu17;
				GCC_DYNAMIC_NO_PIC = NO;
				GCC_NO_COMMON_BLOCKS = YES;
				GCC_OPTIMIZATION_LEVEL = 0;
				GCC_PREPROCESSOR_DEFINITIONS = (
					"DEBUG=1",
					"$(inherited)",
				);
				GCC_WARN_64_TO_32_BIT_CONVERSION = YES;
				GCC_WARN_ABOUT_RETURN_TYPE = YES_ERROR;
				GCC_WARN_UNDECLARED_SELECTOR = YES;
				GCC_WARN_UNINITIALIZED_AUTOS = YES_AGGRESSIVE;
				GCC_WARN_UNUSED_FUNCTION = YES;
				GCC_WARN_UNUSED_VARIABLE = YES;
				IPHONEOS_DEPLOYMENT_TARGET = 17.0;
				LOCALIZATION_PREFERS_STRING_CATALOGS = YES;
				MTL_ENABLE_DEBUG_INFO = INCLUDE_SOURCE;
				MTL_FAST_MATH = YES;
				ONLY_ACTIVE_ARCH = YES;
				SDKROOT = iphoneos;
				SWIFT_ACTIVE_COMPILATION_CONDITIONS = "DEBUG $(inherited)";
				SWIFT_OPTIMIZATION_LEVEL = "-Onone";
			};
			name = Debug;
		};
		7AC08EC62B9DEBA800F5E055 /* Release */ = {
			isa = XCBuildConfiguration;
			buildSettings = {
				ALWAYS_SEARCH_USER_PATHS = NO;
				ASSETCATALOG_COMPILER_GENERATE_SWIFT_ASSET_SYMBOL_EXTENSIONS = YES;
				CLANG_ANALYZER_NONNULL = YES;
				CLANG_ANALYZER_NUMBER_OBJECT_CONVERSION = YES_AGGRESSIVE;
				CLANG_CXX_LANGUAGE_STANDARD = "gnu++20";
				CLANG_ENABLE_MODULES = YES;
				CLANG_ENABLE_OBJC_ARC = YES;
				CLANG_ENABLE_OBJC_WEAK = YES;
				CLANG_WARN_BLOCK_CAPTURE_AUTORELEASING = YES;
				CLANG_WARN_BOOL_CONVERSION = YES;
				CLANG_WARN_COMMA = YES;
				CLANG_WARN_CONSTANT_CONVERSION = YES;
				CLANG_WARN_DEPRECATED_OBJC_IMPLEMENTATIONS = YES;
				CLANG_WARN_DIRECT_OBJC_ISA_USAGE = YES_ERROR;
				CLANG_WARN_DOCUMENTATION_COMMENTS = YES;
				CLANG_WARN_EMPTY_BODY = YES;
				CLANG_WARN_ENUM_CONVERSION = YES;
				CLANG_WARN_INFINITE_RECURSION = YES;
				CLANG_WARN_INT_CONVERSION = YES;
				CLANG_WARN_NON_LITERAL_NULL_CONVERSION = YES;
				CLANG_WARN_OBJC_IMPLICIT_RETAIN_SELF = YES;
				CLANG_WARN_OBJC_LITERAL_CONVERSION = YES;
				CLANG_WARN_OBJC_ROOT_CLASS = YES_ERROR;
				CLANG_WARN_QUOTED_INCLUDE_IN_FRAMEWORK_HEADER = YES;
				CLANG_WARN_RANGE_LOOP_ANALYSIS = YES;
				CLANG_WARN_STRICT_PROTOTYPES = YES;
				CLANG_WARN_SUSPICIOUS_MOVE = YES;
				CLANG_WARN_UNGUARDED_AVAILABILITY = YES_AGGRESSIVE;
				CLANG_WARN_UNREACHABLE_CODE = YES;
				CLANG_WARN__DUPLICATE_METHOD_MATCH = YES;
				COPY_PHASE_STRIP = NO;
				DEBUG_INFORMATION_FORMAT = "dwarf-with-dsym";
				ENABLE_NS_ASSERTIONS = NO;
				ENABLE_STRICT_OBJC_MSGSEND = YES;
				ENABLE_USER_SCRIPT_SANDBOXING = YES;
				GCC_C_LANGUAGE_STANDARD = gnu17;
				GCC_NO_COMMON_BLOCKS = YES;
				GCC_WARN_64_TO_32_BIT_CONVERSION = YES;
				GCC_WARN_ABOUT_RETURN_TYPE = YES_ERROR;
				GCC_WARN_UNDECLARED_SELECTOR = YES;
				GCC_WARN_UNINITIALIZED_AUTOS = YES_AGGRESSIVE;
				GCC_WARN_UNUSED_FUNCTION = YES;
				GCC_WARN_UNUSED_VARIABLE = YES;
				IPHONEOS_DEPLOYMENT_TARGET = 17.0;
				LOCALIZATION_PREFERS_STRING_CATALOGS = YES;
				MTL_ENABLE_DEBUG_INFO = NO;
				MTL_FAST_MATH = YES;
				SDKROOT = iphoneos;
				SWIFT_COMPILATION_MODE = wholemodule;
				VALIDATE_PRODUCT = YES;
			};
			name = Release;
		};
		7AC08EC82B9DEBA800F5E055 /* Debug */ = {
			isa = XCBuildConfiguration;
			baseConfigurationReference = 88D16C222DEFE9BF6D452D2C /* Pods-Alamofire.debug.xcconfig */;
			buildSettings = {
				ASSETCATALOG_COMPILER_APPICON_NAME = AppIcon;
				ASSETCATALOG_COMPILER_GLOBAL_ACCENT_COLOR_NAME = AccentColor;
				CODE_SIGN_STYLE = Automatic;
				CURRENT_PROJECT_VERSION = 1;
				DEVELOPMENT_TEAM = WKASSZ9CY5;
				GENERATE_INFOPLIST_FILE = YES;
				INFOPLIST_FILE = Alamofire/Info.plist;
				INFOPLIST_KEY_UIApplicationSupportsIndirectInputEvents = YES;
				INFOPLIST_KEY_UILaunchStoryboardName = LaunchScreen;
				INFOPLIST_KEY_UIMainStoryboardFile = Main;
				INFOPLIST_KEY_UISupportedInterfaceOrientations_iPad = "UIInterfaceOrientationPortrait UIInterfaceOrientationPortraitUpsideDown UIInterfaceOrientationLandscapeLeft UIInterfaceOrientationLandscapeRight";
				INFOPLIST_KEY_UISupportedInterfaceOrientations_iPhone = "UIInterfaceOrientationPortrait UIInterfaceOrientationLandscapeLeft UIInterfaceOrientationLandscapeRight";
				IPHONEOS_DEPLOYMENT_TARGET = 14.0;
				LD_RUNPATH_SEARCH_PATHS = (
					"$(inherited)",
					"@executable_path/Frameworks",
				);
				MARKETING_VERSION = 1.0;
				PRODUCT_BUNDLE_IDENTIFIER = com.erencetintas.Alamofire;
				PRODUCT_NAME = "$(TARGET_NAME)";
				SWIFT_EMIT_LOC_STRINGS = YES;
				SWIFT_VERSION = 5.0;
				TARGETED_DEVICE_FAMILY = "1,2";
			};
			name = Debug;
		};
		7AC08EC92B9DEBA800F5E055 /* Release */ = {
			isa = XCBuildConfiguration;
			baseConfigurationReference = 9A79FFF6604BE18A31917BCC /* Pods-Alamofire.release.xcconfig */;
			buildSettings = {
				ASSETCATALOG_COMPILER_APPICON_NAME = AppIcon;
				ASSETCATALOG_COMPILER_GLOBAL_ACCENT_COLOR_NAME = AccentColor;
				CODE_SIGN_STYLE = Automatic;
				CURRENT_PROJECT_VERSION = 1;
				DEVELOPMENT_TEAM = WKASSZ9CY5;
				GENERATE_INFOPLIST_FILE = YES;
				INFOPLIST_FILE = Alamofire/Info.plist;
				INFOPLIST_KEY_UIApplicationSupportsIndirectInputEvents = YES;
				INFOPLIST_KEY_UILaunchStoryboardName = LaunchScreen;
				INFOPLIST_KEY_UIMainStoryboardFile = Main;
				INFOPLIST_KEY_UISupportedInterfaceOrientations_iPad = "UIInterfaceOrientationPortrait UIInterfaceOrientationPortraitUpsideDown UIInterfaceOrientationLandscapeLeft UIInterfaceOrientationLandscapeRight";
				INFOPLIST_KEY_UISupportedInterfaceOrientations_iPhone = "UIInterfaceOrientationPortrait UIInterfaceOrientationLandscapeLeft UIInterfaceOrientationLandscapeRight";
				IPHONEOS_DEPLOYMENT_TARGET = 14.0;
				LD_RUNPATH_SEARCH_PATHS = (
					"$(inherited)",
					"@executable_path/Frameworks",
				);
				MARKETING_VERSION = 1.0;
				PRODUCT_BUNDLE_IDENTIFIER = com.erencetintas.Alamofire;
				PRODUCT_NAME = "$(TARGET_NAME)";
				SWIFT_EMIT_LOC_STRINGS = YES;
				SWIFT_VERSION = 5.0;
				TARGETED_DEVICE_FAMILY = "1,2";
			};
			name = Release;
		};
/* End XCBuildConfiguration section */

/* Begin XCConfigurationList section */
		7AC08EAE2B9DEBA800F5E055 /* Build configuration list for PBXProject "Alamofire" */ = {
			isa = XCConfigurationList;
			buildConfigurations = (
				7AC08EC52B9DEBA800F5E055 /* Debug */,
				7AC08EC62B9DEBA800F5E055 /* Release */,
			);
			defaultConfigurationIsVisible = 0;
			defaultConfigurationName = Release;
		};
		7AC08EC72B9DEBA800F5E055 /* Build configuration list for PBXNativeTarget "Alamofire" */ = {
			isa = XCConfigurationList;
			buildConfigurations = (
				7AC08EC82B9DEBA800F5E055 /* Debug */,
				7AC08EC92B9DEBA800F5E055 /* Release */,
			);
			defaultConfigurationIsVisible = 0;
			defaultConfigurationName = Release;
		};
/* End XCConfigurationList section */

/* Begin XCRemoteSwiftPackageReference section */
		7ABE4CFC2BA7546B0012848D /* XCRemoteSwiftPackageReference "Alamofire" */ = {
			isa = XCRemoteSwiftPackageReference;
			repositoryURL = "https://github.com/Alamofire/Alamofire.git";
			requirement = {
				kind = upToNextMajorVersion;
				minimumVersion = 5.9.0;
			};
		};
/* End XCRemoteSwiftPackageReference section */

/* Begin XCSwiftPackageProductDependency section */
		7ABE4CFD2BA7546C0012848D /* Alamofire */ = {
			isa = XCSwiftPackageProductDependency;
			package = 7ABE4CFC2BA7546B0012848D /* XCRemoteSwiftPackageReference "Alamofire" */;
			productName = Alamofire;
		};
		7ABE4CFF2BA7546C0012848D /* AlamofireDynamic */ = {
			isa = XCSwiftPackageProductDependency;
			package = 7ABE4CFC2BA7546B0012848D /* XCRemoteSwiftPackageReference "Alamofire" */;
			productName = AlamofireDynamic;
		};
		7ABE4D012BA754C20012848D /* Alamofire */ = {
			isa = XCSwiftPackageProductDependency;
			package = 7ABE4CFC2BA7546B0012848D /* XCRemoteSwiftPackageReference "Alamofire" */;
			productName = Alamofire;
		};
		7ABE4D032BA754C20012848D /* AlamofireDynamic */ = {
			isa = XCSwiftPackageProductDependency;
			package = 7ABE4CFC2BA7546B0012848D /* XCRemoteSwiftPackageReference "Alamofire" */;
			productName = AlamofireDynamic;
		};
/* End XCSwiftPackageProductDependency section */
	};
	rootObject = 7AC08EAB2B9DEBA800F5E055 /* Project object */;
}
