// !$*UTF8*$!
{
	archiveVersion = 1;
	classes = {
	};
	objectVersion = 56;
	objects = {

/* Begin PBXBuildFile section */
		7A6782482B6AD477001EF38D /* AppDelegate.swift in Sources */ = {isa = PBXBuildFile; fileRef = 7A6782472B6AD477001EF38D /* AppDelegate.swift */; };
		7A67824A2B6AD477001EF38D /* SceneDelegate.swift in Sources */ = {isa = PBXBuildFile; fileRef = 7A6782492B6AD477001EF38D /* SceneDelegate.swift */; };
		7A67824C2B6AD477001EF38D /* ViewController.swift in Sources */ = {isa = PBXBuildFile; fileRef = 7A67824B2B6AD477001EF38D /* ViewController.swift */; };
		7A67824F2B6AD477001EF38D /* Main.storyboard in Resources */ = {isa = PBXBuildFile; fileRef = 7A67824D2B6AD477001EF38D /* Main.storyboard */; };
		7A6782512B6AD478001EF38D /* Assets.xcassets in Resources */ = {isa = PBXBuildFile; fileRef = 7A6782502B6AD478001EF38D /* Assets.xcassets */; };
		7A6782542B6AD478001EF38D /* LaunchScreen.storyboard in Resources */ = {isa = PBXBuildFile; fileRef = 7A6782522B6AD478001EF38D /* LaunchScreen.storyboard */; };
		7A67825C2B6AD4B9001EF38D /* Dictionary.swift in Sources */ = {isa = PBXBuildFile; fileRef = 7A67825B2B6AD4B9001EF38D /* Dictionary.swift */; };
		7A67825E2B6ADA1B001EF38D /* QuestionAnswer.swift in Sources */ = {isa = PBXBuildFile; fileRef = 7A67825D2B6ADA1B001EF38D /* QuestionAnswer.swift */; };
		7A6782602B6ADC4F001EF38D /* TableViewCell.swift in Sources */ = {isa = PBXBuildFile; fileRef = 7A67825F2B6ADC4F001EF38D /* TableViewCell.swift */; };
		7A6782622B6ADC66001EF38D /* ViewController2.swift in Sources */ = {isa = PBXBuildFile; fileRef = 7A6782612B6ADC66001EF38D /* ViewController2.swift */; };
/* End PBXBuildFile section */

/* Begin PBXFileReference section */
		7A6782442B6AD477001EF38D /* DictionaryUrl.app */ = {isa = PBXFileReference; explicitFileType = wrapper.application; includeInIndex = 0; path = DictionaryUrl.app; sourceTree = BUILT_PRODUCTS_DIR; };
		7A6782472B6AD477001EF38D /* AppDelegate.swift */ = {isa = PBXFileReference; lastKnownFileType = sourcecode.swift; path = AppDelegate.swift; sourceTree = "<group>"; };
		7A6782492B6AD477001EF38D /* SceneDelegate.swift */ = {isa = PBXFileReference; lastKnownFileType = sourcecode.swift; path = SceneDelegate.swift; sourceTree = "<group>"; };
		7A67824B2B6AD477001EF38D /* ViewController.swift */ = {isa = PBXFileReference; lastKnownFileType = sourcecode.swift; path = ViewController.swift; sourceTree = "<group>"; };
		7A67824E2B6AD477001EF38D /* Base */ = {isa = PBXFileReference; lastKnownFileType = file.storyboard; name = Base; path = Base.lproj/Main.storyboard; sourceTree = "<group>"; };
		7A6782502B6AD478001EF38D /* Assets.xcassets */ = {isa = PBXFileReference; lastKnownFileType = folder.assetcatalog; path = Assets.xcassets; sourceTree = "<group>"; };
		7A6782532B6AD478001EF38D /* Base */ = {isa = PBXFileReference; lastKnownFileType = file.storyboard; name = Base; path = Base.lproj/LaunchScreen.storyboard; sourceTree = "<group>"; };
		7A6782552B6AD478001EF38D /* Info.plist */ = {isa = PBXFileReference; lastKnownFileType = text.plist.xml; path = Info.plist; sourceTree = "<group>"; };
		7A67825B2B6AD4B9001EF38D /* Dictionary.swift */ = {isa = PBXFileReference; lastKnownFileType = sourcecode.swift; path = Dictionary.swift; sourceTree = "<group>"; };
		7A67825D2B6ADA1B001EF38D /* QuestionAnswer.swift */ = {isa = PBXFileReference; lastKnownFileType = sourcecode.swift; path = QuestionAnswer.swift; sourceTree = "<group>"; };
		7A67825F2B6ADC4F001EF38D /* TableViewCell.swift */ = {isa = PBXFileReference; lastKnownFileType = sourcecode.swift; path = TableViewCell.swift; sourceTree = "<group>"; };
		7A6782612B6ADC66001EF38D /* ViewController2.swift */ = {isa = PBXFileReference; lastKnownFileType = sourcecode.swift; path = ViewController2.swift; sourceTree = "<group>"; };
/* End PBXFileReference section */

/* Begin PBXFrameworksBuildPhase section */
		7A6782412B6AD477001EF38D /* Frameworks */ = {
			isa = PBXFrameworksBuildPhase;
			buildActionMask = 2147483647;
			files = (
			);
			runOnlyForDeploymentPostprocessing = 0;
		};
/* End PBXFrameworksBuildPhase section */

/* Begin PBXGroup section */
		7A67823B2B6AD477001EF38D = {
			isa = PBXGroup;
			children = (
				7A6782462B6AD477001EF38D /* DictionaryUrl */,
				7A6782452B6AD477001EF38D /* Products */,
			);
			sourceTree = "<group>";
		};
		7A6782452B6AD477001EF38D /* Products */ = {
			isa = PBXGroup;
			children = (
				7A6782442B6AD477001EF38D /* DictionaryUrl.app */,
			);
			name = Products;
			sourceTree = "<group>";
		};
		7A6782462B6AD477001EF38D /* DictionaryUrl */ = {
			isa = PBXGroup;
			children = (
				7A6782472B6AD477001EF38D /* AppDelegate.swift */,
				7A6782492B6AD477001EF38D /* SceneDelegate.swift */,
				7A67825B2B6AD4B9001EF38D /* Dictionary.swift */,
				7A67825D2B6ADA1B001EF38D /* QuestionAnswer.swift */,
				7A67824B2B6AD477001EF38D /* ViewController.swift */,
				7A6782612B6ADC66001EF38D /* ViewController2.swift */,
				7A67825F2B6ADC4F001EF38D /* TableViewCell.swift */,
				7A67824D2B6AD477001EF38D /* Main.storyboard */,
				7A6782502B6AD478001EF38D /* Assets.xcassets */,
				7A6782522B6AD478001EF38D /* LaunchScreen.storyboard */,
				7A6782552B6AD478001EF38D /* Info.plist */,
			);
			path = DictionaryUrl;
			sourceTree = "<group>";
		};
/* End PBXGroup section */

/* Begin PBXNativeTarget section */
		7A6782432B6AD477001EF38D /* DictionaryUrl */ = {
			isa = PBXNativeTarget;
			buildConfigurationList = 7A6782582B6AD478001EF38D /* Build configuration list for PBXNativeTarget "DictionaryUrl" */;
			buildPhases = (
				7A6782402B6AD477001EF38D /* Sources */,
				7A6782412B6AD477001EF38D /* Frameworks */,
				7A6782422B6AD477001EF38D /* Resources */,
			);
			buildRules = (
			);
			dependencies = (
			);
			name = DictionaryUrl;
			productName = DictionaryUrl;
			productReference = 7A6782442B6AD477001EF38D /* DictionaryUrl.app */;
			productType = "com.apple.product-type.application";
		};
/* End PBXNativeTarget section */

/* Begin PBXProject section */
		7A67823C2B6AD477001EF38D /* Project object */ = {
			isa = PBXProject;
			attributes = {
				BuildIndependentTargetsInParallel = 1;
				LastSwiftUpdateCheck = 1500;
				LastUpgradeCheck = 1500;
				TargetAttributes = {
					7A6782432B6AD477001EF38D = {
						CreatedOnToolsVersion = 15.0;
					};
				};
			};
			buildConfigurationList = 7A67823F2B6AD477001EF38D /* Build configuration list for PBXProject "DictionaryUrl" */;
			compatibilityVersion = "Xcode 14.0";
			developmentRegion = en;
			hasScannedForEncodings = 0;
			knownRegions = (
				en,
				Base,
			);
			mainGroup = 7A67823B2B6AD477001EF38D;
			productRefGroup = 7A6782452B6AD477001EF38D /* Products */;
			projectDirPath = "";
			projectRoot = "";
			targets = (
				7A6782432B6AD477001EF38D /* DictionaryUrl */,
			);
		};
/* End PBXProject section */

/* Begin PBXResourcesBuildPhase section */
		7A6782422B6AD477001EF38D /* Resources */ = {
			isa = PBXResourcesBuildPhase;
			buildActionMask = 2147483647;
			files = (
				7A6782542B6AD478001EF38D /* LaunchScreen.storyboard in Resources */,
				7A6782512B6AD478001EF38D /* Assets.xcassets in Resources */,
				7A67824F2B6AD477001EF38D /* Main.storyboard in Resources */,
			);
			runOnlyForDeploymentPostprocessing = 0;
		};
/* End PBXResourcesBuildPhase section */

/* Begin PBXSourcesBuildPhase section */
		7A6782402B6AD477001EF38D /* Sources */ = {
			isa = PBXSourcesBuildPhase;
			buildActionMask = 2147483647;
			files = (
				7A6782622B6ADC66001EF38D /* ViewController2.swift in Sources */,
				7A67825E2B6ADA1B001EF38D /* QuestionAnswer.swift in Sources */,
				7A67824C2B6AD477001EF38D /* ViewController.swift in Sources */,
				7A67825C2B6AD4B9001EF38D /* Dictionary.swift in Sources */,
				7A6782602B6ADC4F001EF38D /* TableViewCell.swift in Sources */,
				7A6782482B6AD477001EF38D /* AppDelegate.swift in Sources */,
				7A67824A2B6AD477001EF38D /* SceneDelegate.swift in Sources */,
			);
			runOnlyForDeploymentPostprocessing = 0;
		};
/* End PBXSourcesBuildPhase section */

/* Begin PBXVariantGroup section */
		7A67824D2B6AD477001EF38D /* Main.storyboard */ = {
			isa = PBXVariantGroup;
			children = (
				7A67824E2B6AD477001EF38D /* Base */,
			);
			name = Main.storyboard;
			sourceTree = "<group>";
		};
		7A6782522B6AD478001EF38D /* LaunchScreen.storyboard */ = {
			isa = PBXVariantGroup;
			children = (
				7A6782532B6AD478001EF38D /* Base */,
			);
			name = LaunchScreen.storyboard;
			sourceTree = "<group>";
		};
/* End PBXVariantGroup section */

/* Begin XCBuildConfiguration section */
		7A6782562B6AD478001EF38D /* Debug */ = {
			isa = XCBuildConfiguration;
			buildSettings = {
				ALWAYS_SEARCH_USER_PATHS = NO;
				ASSETCATALOG_COMPILER_GENERATE_SWIFT_ASSET_SYMBOL_EXTENSIONS = YES;
				CLANG_ANALYZER_NONNULL = YES;
				CLANG_ANALYZER_NUMBER_OBJECT_CONVERSION = YES_AGGRESSIVE;
				CLANG_CXX_LANGUAGE_STANDARD = "gnu++20";
				CLANG_ENABLE_MODULES = YES;
				CLANG_ENABLE_OBJC_ARC = YES;
				CLANG_ENABLE_OBJC_WEAK = YES;
				CLANG_WARN_BLOCK_CAPTURE_AUTORELEASING = YES;
				CLANG_WARN_BOOL_CONVERSION = YES;
				CLANG_WARN_COMMA = YES;
				CLANG_WARN_CONSTANT_CONVERSION = YES;
				CLANG_WARN_DEPRECATED_OBJC_IMPLEMENTATIONS = YES;
				CLANG_WARN_DIRECT_OBJC_ISA_USAGE = YES_ERROR;
				CLANG_WARN_DOCUMENTATION_COMMENTS = YES;
				CLANG_WARN_EMPTY_BODY = YES;
				CLANG_WARN_ENUM_CONVERSION = YES;
				CLANG_WARN_INFINITE_RECURSION = YES;
				CLANG_WARN_INT_CONVERSION = YES;
				CLANG_WARN_NON_LITERAL_NULL_CONVERSION = YES;
				CLANG_WARN_OBJC_IMPLICIT_RETAIN_SELF = YES;
				CLANG_WARN_OBJC_LITERAL_CONVERSION = YES;
				CLANG_WARN_OBJC_ROOT_CLASS = YES_ERROR;
				CLANG_WARN_QUOTED_INCLUDE_IN_FRAMEWORK_HEADER = YES;
				CLANG_WARN_RANGE_LOOP_ANALYSIS = YES;
				CLANG_WARN_STRICT_PROTOTYPES = YES;
				CLANG_WARN_SUSPICIOUS_MOVE = YES;
				CLANG_WARN_UNGUARDED_AVAILABILITY = YES_AGGRESSIVE;
				CLANG_WARN_UNREACHABLE_CODE = YES;
				CLANG_WARN__DUPLICATE_METHOD_MATCH = YES;
				COPY_PHASE_STRIP = NO;
				DEBUG_INFORMATION_FORMAT = dwarf;
				ENABLE_STRICT_OBJC_MSGSEND = YES;
				ENABLE_TESTABILITY = YES;
				ENABLE_USER_SCRIPT_SANDBOXING = YES;
				GCC_C_LANGUAGE_STANDARD = gnu17;
				GCC_DYNAMIC_NO_PIC = NO;
				GCC_NO_COMMON_BLOCKS = YES;
				GCC_OPTIMIZATION_LEVEL = 0;
				GCC_PREPROCESSOR_DEFINITIONS = (
					"DEBUG=1",
					"$(inherited)",
				);
				GCC_WARN_64_TO_32_BIT_CONVERSION = YES;
				GCC_WARN_ABOUT_RETURN_TYPE = YES_ERROR;
				GCC_WARN_UNDECLARED_SELECTOR = YES;
				GCC_WARN_UNINITIALIZED_AUTOS = YES_AGGRESSIVE;
				GCC_WARN_UNUSED_FUNCTION = YES;
				GCC_WARN_UNUSED_VARIABLE = YES;
				IPHONEOS_DEPLOYMENT_TARGET = 17.0;
				LOCALIZATION_PREFERS_STRING_CATALOGS = YES;
				MTL_ENABLE_DEBUG_INFO = INCLUDE_SOURCE;
				MTL_FAST_MATH = YES;
				ONLY_ACTIVE_ARCH = YES;
				SDKROOT = iphoneos;
				SWIFT_ACTIVE_COMPILATION_CONDITIONS = "DEBUG $(inherited)";
				SWIFT_OPTIMIZATION_LEVEL = "-Onone";
			};
			name = Debug;
		};
		7A6782572B6AD478001EF38D /* Release */ = {
			isa = XCBuildConfiguration;
			buildSettings = {
				ALWAYS_SEARCH_USER_PATHS = NO;
				ASSETCATALOG_COMPILER_GENERATE_SWIFT_ASSET_SYMBOL_EXTENSIONS = YES;
				CLANG_ANALYZER_NONNULL = YES;
				CLANG_ANALYZER_NUMBER_OBJECT_CONVERSION = YES_AGGRESSIVE;
				CLANG_CXX_LANGUAGE_STANDARD = "gnu++20";
				CLANG_ENABLE_MODULES = YES;
				CLANG_ENABLE_OBJC_ARC = YES;
				CLANG_ENABLE_OBJC_WEAK = YES;
				CLANG_WARN_BLOCK_CAPTURE_AUTORELEASING = YES;
				CLANG_WARN_BOOL_CONVERSION = YES;
				CLANG_WARN_COMMA = YES;
				CLANG_WARN_CONSTANT_CONVERSION = YES;
				CLANG_WARN_DEPRECATED_OBJC_IMPLEMENTATIONS = YES;
				CLANG_WARN_DIRECT_OBJC_ISA_USAGE = YES_ERROR;
				CLANG_WARN_DOCUMENTATION_COMMENTS = YES;
				CLANG_WARN_EMPTY_BODY = YES;
				CLANG_WARN_ENUM_CONVERSION = YES;
				CLANG_WARN_INFINITE_RECURSION = YES;
				CLANG_WARN_INT_CONVERSION = YES;
				CLANG_WARN_NON_LITERAL_NULL_CONVERSION = YES;
				CLANG_WARN_OBJC_IMPLICIT_RETAIN_SELF = YES;
				CLANG_WARN_OBJC_LITERAL_CONVERSION = YES;
				CLANG_WARN_OBJC_ROOT_CLASS = YES_ERROR;
				CLANG_WARN_QUOTED_INCLUDE_IN_FRAMEWORK_HEADER = YES;
				CLANG_WARN_RANGE_LOOP_ANALYSIS = YES;
				CLANG_WARN_STRICT_PROTOTYPES = YES;
				CLANG_WARN_SUSPICIOUS_MOVE = YES;
				CLANG_WARN_UNGUARDED_AVAILABILITY = YES_AGGRESSIVE;
				CLANG_WARN_UNREACHABLE_CODE = YES;
				CLANG_WARN__DUPLICATE_METHOD_MATCH = YES;
				COPY_PHASE_STRIP = NO;
				DEBUG_INFORMATION_FORMAT = "dwarf-with-dsym";
				ENABLE_NS_ASSERTIONS = NO;
				ENABLE_STRICT_OBJC_MSGSEND = YES;
				ENABLE_USER_SCRIPT_SANDBOXING = YES;
				GCC_C_LANGUAGE_STANDARD = gnu17;
				GCC_NO_COMMON_BLOCKS = YES;
				GCC_WARN_64_TO_32_BIT_CONVERSION = YES;
				GCC_WARN_ABOUT_RETURN_TYPE = YES_ERROR;
				GCC_WARN_UNDECLARED_SELECTOR = YES;
				GCC_WARN_UNINITIALIZED_AUTOS = YES_AGGRESSIVE;
				GCC_WARN_UNUSED_FUNCTION = YES;
				GCC_WARN_UNUSED_VARIABLE = YES;
				IPHONEOS_DEPLOYMENT_TARGET = 17.0;
				LOCALIZATION_PREFERS_STRING_CATALOGS = YES;
				MTL_ENABLE_DEBUG_INFO = NO;
				MTL_FAST_MATH = YES;
				SDKROOT = iphoneos;
				SWIFT_COMPILATION_MODE = wholemodule;
				VALIDATE_PRODUCT = YES;
			};
			name = Release;
		};
		7A6782592B6AD478001EF38D /* Debug */ = {
			isa = XCBuildConfiguration;
			buildSettings = {
				ASSETCATALOG_COMPILER_APPICON_NAME = AppIcon;
				ASSETCATALOG_COMPILER_GLOBAL_ACCENT_COLOR_NAME = AccentColor;
				CODE_SIGN_STYLE = Automatic;
				CURRENT_PROJECT_VERSION = 1;
				DEVELOPMENT_TEAM = WKASSZ9CY5;
				GENERATE_INFOPLIST_FILE = YES;
				INFOPLIST_FILE = DictionaryUrl/Info.plist;
				INFOPLIST_KEY_UIApplicationSupportsIndirectInputEvents = YES;
				INFOPLIST_KEY_UILaunchStoryboardName = LaunchScreen;
				INFOPLIST_KEY_UIMainStoryboardFile = Main;
				INFOPLIST_KEY_UISupportedInterfaceOrientations_iPad = "UIInterfaceOrientationPortrait UIInterfaceOrientationPortraitUpsideDown UIInterfaceOrientationLandscapeLeft UIInterfaceOrientationLandscapeRight";
				INFOPLIST_KEY_UISupportedInterfaceOrientations_iPhone = "UIInterfaceOrientationPortrait UIInterfaceOrientationLandscapeLeft UIInterfaceOrientationLandscapeRight";
				LD_RUNPATH_SEARCH_PATHS = (
					"$(inherited)",
					"@executable_path/Frameworks",
				);
				MARKETING_VERSION = 1.0;
				PRODUCT_BUNDLE_IDENTIFIER = com.erencetintas.DictionaryUrl;
				PRODUCT_NAME = "$(TARGET_NAME)";
				SWIFT_EMIT_LOC_STRINGS = YES;
				SWIFT_VERSION = 5.0;
				TARGETED_DEVICE_FAMILY = "1,2";
			};
			name = Debug;
		};
		7A67825A2B6AD478001EF38D /* Release */ = {
			isa = XCBuildConfiguration;
			buildSettings = {
				ASSETCATALOG_COMPILER_APPICON_NAME = AppIcon;
				ASSETCATALOG_COMPILER_GLOBAL_ACCENT_COLOR_NAME = AccentColor;
				CODE_SIGN_STYLE = Automatic;
				CURRENT_PROJECT_VERSION = 1;
				DEVELOPMENT_TEAM = WKASSZ9CY5;
				GENERATE_INFOPLIST_FILE = YES;
				INFOPLIST_FILE = DictionaryUrl/Info.plist;
				INFOPLIST_KEY_UIApplicationSupportsIndirectInputEvents = YES;
				INFOPLIST_KEY_UILaunchStoryboardName = LaunchScreen;
				INFOPLIST_KEY_UIMainStoryboardFile = Main;
				INFOPLIST_KEY_UISupportedInterfaceOrientations_iPad = "UIInterfaceOrientationPortrait UIInterfaceOrientationPortraitUpsideDown UIInterfaceOrientationLandscapeLeft UIInterfaceOrientationLandscapeRight";
				INFOPLIST_KEY_UISupportedInterfaceOrientations_iPhone = "UIInterfaceOrientationPortrait UIInterfaceOrientationLandscapeLeft UIInterfaceOrientationLandscapeRight";
				LD_RUNPATH_SEARCH_PATHS = (
					"$(inherited)",
					"@executable_path/Frameworks",
				);
				MARKETING_VERSION = 1.0;
				PRODUCT_BUNDLE_IDENTIFIER = com.erencetintas.DictionaryUrl;
				PRODUCT_NAME = "$(TARGET_NAME)";
				SWIFT_EMIT_LOC_STRINGS = YES;
				SWIFT_VERSION = 5.0;
				TARGETED_DEVICE_FAMILY = "1,2";
			};
			name = Release;
		};
/* End XCBuildConfiguration section */

/* Begin XCConfigurationList section */
		7A67823F2B6AD477001EF38D /* Build configuration list for PBXProject "DictionaryUrl" */ = {
			isa = XCConfigurationList;
			buildConfigurations = (
				7A6782562B6AD478001EF38D /* Debug */,
				7A6782572B6AD478001EF38D /* Release */,
			);
			defaultConfigurationIsVisible = 0;
			defaultConfigurationName = Release;
		};
		7A6782582B6AD478001EF38D /* Build configuration list for PBXNativeTarget "DictionaryUrl" */ = {
			isa = XCConfigurationList;
			buildConfigurations = (
				7A6782592B6AD478001EF38D /* Debug */,
				7A67825A2B6AD478001EF38D /* Release */,
			);
			defaultConfigurationIsVisible = 0;
			defaultConfigurationName = Release;
		};
/* End XCConfigurationList section */
	};
	rootObject = 7A67823C2B6AD477001EF38D /* Project object */;
}
