// !$*UTF8*$!
{
	archiveVersion = 1;
	classes = {
	};
	objectVersion = 56;
	objects = {

/* Begin PBXBuildFile section */
		7AB1F5F42B5B1FA1009D8AEF /* AppDelegate.swift in Sources */ = {isa = PBXBuildFile; fileRef = 7AB1F5F32B5B1FA1009D8AEF /* AppDelegate.swift */; };
		7AB1F5F62B5B1FA1009D8AEF /* SceneDelegate.swift in Sources */ = {isa = PBXBuildFile; fileRef = 7AB1F5F52B5B1FA1009D8AEF /* SceneDelegate.swift */; };
		7AB1F5F82B5B1FA1009D8AEF /* ViewController.swift in Sources */ = {isa = PBXBuildFile; fileRef = 7AB1F5F72B5B1FA1009D8AEF /* ViewController.swift */; };
		7AB1F5FB2B5B1FA1009D8AEF /* Main.storyboard in Resources */ = {isa = PBXBuildFile; fileRef = 7AB1F5F92B5B1FA1009D8AEF /* Main.storyboard */; };
		7AB1F5FD2B5B1FA1009D8AEF /* Assets.xcassets in Resources */ = {isa = PBXBuildFile; fileRef = 7AB1F5FC2B5B1FA1009D8AEF /* Assets.xcassets */; };
		7AB1F6002B5B1FA1009D8AEF /* LaunchScreen.storyboard in Resources */ = {isa = PBXBuildFile; fileRef = 7AB1F5FE2B5B1FA1009D8AEF /* LaunchScreen.storyboard */; };
		7AB1F6082B5B204C009D8AEF /* ViewControllerA.swift in Sources */ = {isa = PBXBuildFile; fileRef = 7AB1F6072B5B204C009D8AEF /* ViewControllerA.swift */; };
		7AB1F60A2B5B2058009D8AEF /* ViewControllerB.swift in Sources */ = {isa = PBXBuildFile; fileRef = 7AB1F6092B5B2058009D8AEF /* ViewControllerB.swift */; };
/* End PBXBuildFile section */

/* Begin PBXFileReference section */
		7AB1F5F02B5B1FA1009D8AEF /* DataTransferWithStoryBoardSegue.app */ = {isa = PBXFileReference; explicitFileType = wrapper.application; includeInIndex = 0; path = DataTransferWithStoryBoardSegue.app; sourceTree = BUILT_PRODUCTS_DIR; };
		7AB1F5F32B5B1FA1009D8AEF /* AppDelegate.swift */ = {isa = PBXFileReference; lastKnownFileType = sourcecode.swift; path = AppDelegate.swift; sourceTree = "<group>"; };
		7AB1F5F52B5B1FA1009D8AEF /* SceneDelegate.swift */ = {isa = PBXFileReference; lastKnownFileType = sourcecode.swift; path = SceneDelegate.swift; sourceTree = "<group>"; };
		7AB1F5F72B5B1FA1009D8AEF /* ViewController.swift */ = {isa = PBXFileReference; lastKnownFileType = sourcecode.swift; path = ViewController.swift; sourceTree = "<group>"; };
		7AB1F5FA2B5B1FA1009D8AEF /* Base */ = {isa = PBXFileReference; lastKnownFileType = file.storyboard; name = Base; path = Base.lproj/Main.storyboard; sourceTree = "<group>"; };
		7AB1F5FC2B5B1FA1009D8AEF /* Assets.xcassets */ = {isa = PBXFileReference; lastKnownFileType = folder.assetcatalog; path = Assets.xcassets; sourceTree = "<group>"; };
		7AB1F5FF2B5B1FA1009D8AEF /* Base */ = {isa = PBXFileReference; lastKnownFileType = file.storyboard; name = Base; path = Base.lproj/LaunchScreen.storyboard; sourceTree = "<group>"; };
		7AB1F6012B5B1FA1009D8AEF /* Info.plist */ = {isa = PBXFileReference; lastKnownFileType = text.plist.xml; path = Info.plist; sourceTree = "<group>"; };
		7AB1F6072B5B204C009D8AEF /* ViewControllerA.swift */ = {isa = PBXFileReference; lastKnownFileType = sourcecode.swift; path = ViewControllerA.swift; sourceTree = "<group>"; };
		7AB1F6092B5B2058009D8AEF /* ViewControllerB.swift */ = {isa = PBXFileReference; lastKnownFileType = sourcecode.swift; path = ViewControllerB.swift; sourceTree = "<group>"; };
/* End PBXFileReference section */

/* Begin PBXFrameworksBuildPhase section */
		7AB1F5ED2B5B1FA1009D8AEF /* Frameworks */ = {
			isa = PBXFrameworksBuildPhase;
			buildActionMask = 2147483647;
			files = (
			);
			runOnlyForDeploymentPostprocessing = 0;
		};
/* End PBXFrameworksBuildPhase section */

/* Begin PBXGroup section */
		7AB1F5E72B5B1FA1009D8AEF = {
			isa = PBXGroup;
			children = (
				7AB1F5F22B5B1FA1009D8AEF /* DataTransferWithStoryBoardSegue */,
				7AB1F5F12B5B1FA1009D8AEF /* Products */,
			);
			sourceTree = "<group>";
		};
		7AB1F5F12B5B1FA1009D8AEF /* Products */ = {
			isa = PBXGroup;
			children = (
				7AB1F5F02B5B1FA1009D8AEF /* DataTransferWithStoryBoardSegue.app */,
			);
			name = Products;
			sourceTree = "<group>";
		};
		7AB1F5F22B5B1FA1009D8AEF /* DataTransferWithStoryBoardSegue */ = {
			isa = PBXGroup;
			children = (
				7AB1F5F32B5B1FA1009D8AEF /* AppDelegate.swift */,
				7AB1F5F52B5B1FA1009D8AEF /* SceneDelegate.swift */,
				7AB1F5F72B5B1FA1009D8AEF /* ViewController.swift */,
				7AB1F6072B5B204C009D8AEF /* ViewControllerA.swift */,
				7AB1F6092B5B2058009D8AEF /* ViewControllerB.swift */,
				7AB1F5F92B5B1FA1009D8AEF /* Main.storyboard */,
				7AB1F5FC2B5B1FA1009D8AEF /* Assets.xcassets */,
				7AB1F5FE2B5B1FA1009D8AEF /* LaunchScreen.storyboard */,
				7AB1F6012B5B1FA1009D8AEF /* Info.plist */,
			);
			path = DataTransferWithStoryBoardSegue;
			sourceTree = "<group>";
		};
/* End PBXGroup section */

/* Begin PBXNativeTarget section */
		7AB1F5EF2B5B1FA1009D8AEF /* DataTransferWithStoryBoardSegue */ = {
			isa = PBXNativeTarget;
			buildConfigurationList = 7AB1F6042B5B1FA1009D8AEF /* Build configuration list for PBXNativeTarget "DataTransferWithStoryBoardSegue" */;
			buildPhases = (
				7AB1F5EC2B5B1FA1009D8AEF /* Sources */,
				7AB1F5ED2B5B1FA1009D8AEF /* Frameworks */,
				7AB1F5EE2B5B1FA1009D8AEF /* Resources */,
			);
			buildRules = (
			);
			dependencies = (
			);
			name = DataTransferWithStoryBoardSegue;
			productName = DataTransferWithStoryBoardSegue;
			productReference = 7AB1F5F02B5B1FA1009D8AEF /* DataTransferWithStoryBoardSegue.app */;
			productType = "com.apple.product-type.application";
		};
/* End PBXNativeTarget section */

/* Begin PBXProject section */
		7AB1F5E82B5B1FA1009D8AEF /* Project object */ = {
			isa = PBXProject;
			attributes = {
				BuildIndependentTargetsInParallel = 1;
				LastSwiftUpdateCheck = 1500;
				LastUpgradeCheck = 1500;
				TargetAttributes = {
					7AB1F5EF2B5B1FA1009D8AEF = {
						CreatedOnToolsVersion = 15.0;
					};
				};
			};
			buildConfigurationList = 7AB1F5EB2B5B1FA1009D8AEF /* Build configuration list for PBXProject "DataTransferWithStoryBoardSegue" */;
			compatibilityVersion = "Xcode 14.0";
			developmentRegion = en;
			hasScannedForEncodings = 0;
			knownRegions = (
				en,
				Base,
			);
			mainGroup = 7AB1F5E72B5B1FA1009D8AEF;
			productRefGroup = 7AB1F5F12B5B1FA1009D8AEF /* Products */;
			projectDirPath = "";
			projectRoot = "";
			targets = (
				7AB1F5EF2B5B1FA1009D8AEF /* DataTransferWithStoryBoardSegue */,
			);
		};
/* End PBXProject section */

/* Begin PBXResourcesBuildPhase section */
		7AB1F5EE2B5B1FA1009D8AEF /* Resources */ = {
			isa = PBXResourcesBuildPhase;
			buildActionMask = 2147483647;
			files = (
				7AB1F6002B5B1FA1009D8AEF /* LaunchScreen.storyboard in Resources */,
				7AB1F5FD2B5B1FA1009D8AEF /* Assets.xcassets in Resources */,
				7AB1F5FB2B5B1FA1009D8AEF /* Main.storyboard in Resources */,
			);
			runOnlyForDeploymentPostprocessing = 0;
		};
/* End PBXResourcesBuildPhase section */

/* Begin PBXSourcesBuildPhase section */
		7AB1F5EC2B5B1FA1009D8AEF /* Sources */ = {
			isa = PBXSourcesBuildPhase;
			buildActionMask = 2147483647;
			files = (
				7AB1F6082B5B204C009D8AEF /* ViewControllerA.swift in Sources */,
				7AB1F5F82B5B1FA1009D8AEF /* ViewController.swift in Sources */,
				7AB1F60A2B5B2058009D8AEF /* ViewControllerB.swift in Sources */,
				7AB1F5F42B5B1FA1009D8AEF /* AppDelegate.swift in Sources */,
				7AB1F5F62B5B1FA1009D8AEF /* SceneDelegate.swift in Sources */,
			);
			runOnlyForDeploymentPostprocessing = 0;
		};
/* End PBXSourcesBuildPhase section */

/* Begin PBXVariantGroup section */
		7AB1F5F92B5B1FA1009D8AEF /* Main.storyboard */ = {
			isa = PBXVariantGroup;
			children = (
				7AB1F5FA2B5B1FA1009D8AEF /* Base */,
			);
			name = Main.storyboard;
			sourceTree = "<group>";
		};
		7AB1F5FE2B5B1FA1009D8AEF /* LaunchScreen.storyboard */ = {
			isa = PBXVariantGroup;
			children = (
				7AB1F5FF2B5B1FA1009D8AEF /* Base */,
			);
			name = LaunchScreen.storyboard;
			sourceTree = "<group>";
		};
/* End PBXVariantGroup section */

/* Begin XCBuildConfiguration section */
		7AB1F6022B5B1FA1009D8AEF /* Debug */ = {
			isa = XCBuildConfiguration;
			buildSettings = {
				ALWAYS_SEARCH_USER_PATHS = NO;
				ASSETCATALOG_COMPILER_GENERATE_SWIFT_ASSET_SYMBOL_EXTENSIONS = YES;
				CLANG_ANALYZER_NONNULL = YES;
				CLANG_ANALYZER_NUMBER_OBJECT_CONVERSION = YES_AGGRESSIVE;
				CLANG_CXX_LANGUAGE_STANDARD = "gnu++20";
				CLANG_ENABLE_MODULES = YES;
				CLANG_ENABLE_OBJC_ARC = YES;
				CLANG_ENABLE_OBJC_WEAK = YES;
				CLANG_WARN_BLOCK_CAPTURE_AUTORELEASING = YES;
				CLANG_WARN_BOOL_CONVERSION = YES;
				CLANG_WARN_COMMA = YES;
				CLANG_WARN_CONSTANT_CONVERSION = YES;
				CLANG_WARN_DEPRECATED_OBJC_IMPLEMENTATIONS = YES;
				CLANG_WARN_DIRECT_OBJC_ISA_USAGE = YES_ERROR;
				CLANG_WARN_DOCUMENTATION_COMMENTS = YES;
				CLANG_WARN_EMPTY_BODY = YES;
				CLANG_WARN_ENUM_CONVERSION = YES;
				CLANG_WARN_INFINITE_RECURSION = YES;
				CLANG_WARN_INT_CONVERSION = YES;
				CLANG_WARN_NON_LITERAL_NULL_CONVERSION = YES;
				CLANG_WARN_OBJC_IMPLICIT_RETAIN_SELF = YES;
				CLANG_WARN_OBJC_LITERAL_CONVERSION = YES;
				CLANG_WARN_OBJC_ROOT_CLASS = YES_ERROR;
				CLANG_WARN_QUOTED_INCLUDE_IN_FRAMEWORK_HEADER = YES;
				CLANG_WARN_RANGE_LOOP_ANALYSIS = YES;
				CLANG_WARN_STRICT_PROTOTYPES = YES;
				CLANG_WARN_SUSPICIOUS_MOVE = YES;
				CLANG_WARN_UNGUARDED_AVAILABILITY = YES_AGGRESSIVE;
				CLANG_WARN_UNREACHABLE_CODE = YES;
				CLANG_WARN__DUPLICATE_METHOD_MATCH = YES;
				COPY_PHASE_STRIP = NO;
				DEBUG_INFORMATION_FORMAT = dwarf;
				ENABLE_STRICT_OBJC_MSGSEND = YES;
				ENABLE_TESTABILITY = YES;
				ENABLE_USER_SCRIPT_SANDBOXING = YES;
				GCC_C_LANGUAGE_STANDARD = gnu17;
				GCC_DYNAMIC_NO_PIC = NO;
				GCC_NO_COMMON_BLOCKS = YES;
				GCC_OPTIMIZATION_LEVEL = 0;
				GCC_PREPROCESSOR_DEFINITIONS = (
					"DEBUG=1",
					"$(inherited)",
				);
				GCC_WARN_64_TO_32_BIT_CONVERSION = YES;
				GCC_WARN_ABOUT_RETURN_TYPE = YES_ERROR;
				GCC_WARN_UNDECLARED_SELECTOR = YES;
				GCC_WARN_UNINITIALIZED_AUTOS = YES_AGGRESSIVE;
				GCC_WARN_UNUSED_FUNCTION = YES;
				GCC_WARN_UNUSED_VARIABLE = YES;
				IPHONEOS_DEPLOYMENT_TARGET = 17.0;
				LOCALIZATION_PREFERS_STRING_CATALOGS = YES;
				MTL_ENABLE_DEBUG_INFO = INCLUDE_SOURCE;
				MTL_FAST_MATH = YES;
				ONLY_ACTIVE_ARCH = YES;
				SDKROOT = iphoneos;
				SWIFT_ACTIVE_COMPILATION_CONDITIONS = "DEBUG $(inherited)";
				SWIFT_OPTIMIZATION_LEVEL = "-Onone";
			};
			name = Debug;
		};
		7AB1F6032B5B1FA1009D8AEF /* Release */ = {
			isa = XCBuildConfiguration;
			buildSettings = {
				ALWAYS_SEARCH_USER_PATHS = NO;
				ASSETCATALOG_COMPILER_GENERATE_SWIFT_ASSET_SYMBOL_EXTENSIONS = YES;
				CLANG_ANALYZER_NONNULL = YES;
				CLANG_ANALYZER_NUMBER_OBJECT_CONVERSION = YES_AGGRESSIVE;
				CLANG_CXX_LANGUAGE_STANDARD = "gnu++20";
				CLANG_ENABLE_MODULES = YES;
				CLANG_ENABLE_OBJC_ARC = YES;
				CLANG_ENABLE_OBJC_WEAK = YES;
				CLANG_WARN_BLOCK_CAPTURE_AUTORELEASING = YES;
				CLANG_WARN_BOOL_CONVERSION = YES;
				CLANG_WARN_COMMA = YES;
				CLANG_WARN_CONSTANT_CONVERSION = YES;
				CLANG_WARN_DEPRECATED_OBJC_IMPLEMENTATIONS = YES;
				CLANG_WARN_DIRECT_OBJC_ISA_USAGE = YES_ERROR;
				CLANG_WARN_DOCUMENTATION_COMMENTS = YES;
				CLANG_WARN_EMPTY_BODY = YES;
				CLANG_WARN_ENUM_CONVERSION = YES;
				CLANG_WARN_INFINITE_RECURSION = YES;
				CLANG_WARN_INT_CONVERSION = YES;
				CLANG_WARN_NON_LITERAL_NULL_CONVERSION = YES;
				CLANG_WARN_OBJC_IMPLICIT_RETAIN_SELF = YES;
				CLANG_WARN_OBJC_LITERAL_CONVERSION = YES;
				CLANG_WARN_OBJC_ROOT_CLASS = YES_ERROR;
				CLANG_WARN_QUOTED_INCLUDE_IN_FRAMEWORK_HEADER = YES;
				CLANG_WARN_RANGE_LOOP_ANALYSIS = YES;
				CLANG_WARN_STRICT_PROTOTYPES = YES;
				CLANG_WARN_SUSPICIOUS_MOVE = YES;
				CLANG_WARN_UNGUARDED_AVAILABILITY = YES_AGGRESSIVE;
				CLANG_WARN_UNREACHABLE_CODE = YES;
				CLANG_WARN__DUPLICATE_METHOD_MATCH = YES;
				COPY_PHASE_STRIP = NO;
				DEBUG_INFORMATION_FORMAT = "dwarf-with-dsym";
				ENABLE_NS_ASSERTIONS = NO;
				ENABLE_STRICT_OBJC_MSGSEND = YES;
				ENABLE_USER_SCRIPT_SANDBOXING = YES;
				GCC_C_LANGUAGE_STANDARD = gnu17;
				GCC_NO_COMMON_BLOCKS = YES;
				GCC_WARN_64_TO_32_BIT_CONVERSION = YES;
				GCC_WARN_ABOUT_RETURN_TYPE = YES_ERROR;
				GCC_WARN_UNDECLARED_SELECTOR = YES;
				GCC_WARN_UNINITIALIZED_AUTOS = YES_AGGRESSIVE;
				GCC_WARN_UNUSED_FUNCTION = YES;
				GCC_WARN_UNUSED_VARIABLE = YES;
				IPHONEOS_DEPLOYMENT_TARGET = 17.0;
				LOCALIZATION_PREFERS_STRING_CATALOGS = YES;
				MTL_ENABLE_DEBUG_INFO = NO;
				MTL_FAST_MATH = YES;
				SDKROOT = iphoneos;
				SWIFT_COMPILATION_MODE = wholemodule;
				VALIDATE_PRODUCT = YES;
			};
			name = Release;
		};
		7AB1F6052B5B1FA1009D8AEF /* Debug */ = {
			isa = XCBuildConfiguration;
			buildSettings = {
				ASSETCATALOG_COMPILER_APPICON_NAME = AppIcon;
				ASSETCATALOG_COMPILER_GLOBAL_ACCENT_COLOR_NAME = AccentColor;
				CODE_SIGN_STYLE = Automatic;
				CURRENT_PROJECT_VERSION = 1;
				DEVELOPMENT_TEAM = WKASSZ9CY5;
				GENERATE_INFOPLIST_FILE = YES;
				INFOPLIST_FILE = DataTransferWithStoryBoardSegue/Info.plist;
				INFOPLIST_KEY_UIApplicationSupportsIndirectInputEvents = YES;
				INFOPLIST_KEY_UILaunchStoryboardName = LaunchScreen;
				INFOPLIST_KEY_UIMainStoryboardFile = Main;
				INFOPLIST_KEY_UISupportedInterfaceOrientations_iPad = "UIInterfaceOrientationPortrait UIInterfaceOrientationPortraitUpsideDown UIInterfaceOrientationLandscapeLeft UIInterfaceOrientationLandscapeRight";
				INFOPLIST_KEY_UISupportedInterfaceOrientations_iPhone = "UIInterfaceOrientationPortrait UIInterfaceOrientationLandscapeLeft UIInterfaceOrientationLandscapeRight";
				LD_RUNPATH_SEARCH_PATHS = (
					"$(inherited)",
					"@executable_path/Frameworks",
				);
				MARKETING_VERSION = 1.0;
				PRODUCT_BUNDLE_IDENTIFIER = com.erencetintas.DataTransferWithStoryBoardSegue;
				PRODUCT_NAME = "$(TARGET_NAME)";
				SWIFT_EMIT_LOC_STRINGS = YES;
				SWIFT_VERSION = 5.0;
				TARGETED_DEVICE_FAMILY = "1,2";
			};
			name = Debug;
		};
		7AB1F6062B5B1FA1009D8AEF /* Release */ = {
			isa = XCBuildConfiguration;
			buildSettings = {
				ASSETCATALOG_COMPILER_APPICON_NAME = AppIcon;
				ASSETCATALOG_COMPILER_GLOBAL_ACCENT_COLOR_NAME = AccentColor;
				CODE_SIGN_STYLE = Automatic;
				CURRENT_PROJECT_VERSION = 1;
				DEVELOPMENT_TEAM = WKASSZ9CY5;
				GENERATE_INFOPLIST_FILE = YES;
				INFOPLIST_FILE = DataTransferWithStoryBoardSegue/Info.plist;
				INFOPLIST_KEY_UIApplicationSupportsIndirectInputEvents = YES;
				INFOPLIST_KEY_UILaunchStoryboardName = LaunchScreen;
				INFOPLIST_KEY_UIMainStoryboardFile = Main;
				INFOPLIST_KEY_UISupportedInterfaceOrientations_iPad = "UIInterfaceOrientationPortrait UIInterfaceOrientationPortraitUpsideDown UIInterfaceOrientationLandscapeLeft UIInterfaceOrientationLandscapeRight";
				INFOPLIST_KEY_UISupportedInterfaceOrientations_iPhone = "UIInterfaceOrientationPortrait UIInterfaceOrientationLandscapeLeft UIInterfaceOrientationLandscapeRight";
				LD_RUNPATH_SEARCH_PATHS = (
					"$(inherited)",
					"@executable_path/Frameworks",
				);
				MARKETING_VERSION = 1.0;
				PRODUCT_BUNDLE_IDENTIFIER = com.erencetintas.DataTransferWithStoryBoardSegue;
				PRODUCT_NAME = "$(TARGET_NAME)";
				SWIFT_EMIT_LOC_STRINGS = YES;
				SWIFT_VERSION = 5.0;
				TARGETED_DEVICE_FAMILY = "1,2";
			};
			name = Release;
		};
/* End XCBuildConfiguration section */

/* Begin XCConfigurationList section */
		7AB1F5EB2B5B1FA1009D8AEF /* Build configuration list for PBXProject "DataTransferWithStoryBoardSegue" */ = {
			isa = XCConfigurationList;
			buildConfigurations = (
				7AB1F6022B5B1FA1009D8AEF /* Debug */,
				7AB1F6032B5B1FA1009D8AEF /* Release */,
			);
			defaultConfigurationIsVisible = 0;
			defaultConfigurationName = Release;
		};
		7AB1F6042B5B1FA1009D8AEF /* Build configuration list for PBXNativeTarget "DataTransferWithStoryBoardSegue" */ = {
			isa = XCConfigurationList;
			buildConfigurations = (
				7AB1F6052B5B1FA1009D8AEF /* Debug */,
				7AB1F6062B5B1FA1009D8AEF /* Release */,
			);
			defaultConfigurationIsVisible = 0;
			defaultConfigurationName = Release;
		};
/* End XCConfigurationList section */
	};
	rootObject = 7AB1F5E82B5B1FA1009D8AEF /* Project object */;
}
